// !$*UTF8*$!
{
	archiveVersion = 1;
	classes = {
	};
	objectVersion = 46;
	objects = {

/* Begin PBXBuildFile section */
		42C4E6CC1884D21100E650BE /* Localizable.strings in Resources */ = {isa = PBXBuildFile; fileRef = 42C4E6CB1884D21100E650BE /* Localizable.strings */; };
		42C4E71A1884F96A00E650BE /* Security.framework in Frameworks */ = {isa = PBXBuildFile; fileRef = 42C4E7191884F96900E650BE /* Security.framework */; };
		42C4E71C1884F97C00E650BE /* libiconv.dylib in Frameworks */ = {isa = PBXBuildFile; fileRef = 42C4E71B1884F97C00E650BE /* libiconv.dylib */; };
		42C4E71E1884F98F00E650BE /* SystemConfiguration.framework in Frameworks */ = {isa = PBXBuildFile; fileRef = 42C4E71D1884F98F00E650BE /* SystemConfiguration.framework */; };
		42C4E7201884F9AD00E650BE /* libsqlite3.dylib in Frameworks */ = {isa = PBXBuildFile; fileRef = 42C4E71F1884F9AD00E650BE /* libsqlite3.dylib */; };
		42C4E7221884F9BB00E650BE /* CoreTelephony.framework in Frameworks */ = {isa = PBXBuildFile; fileRef = 42C4E7211884F9BB00E650BE /* CoreTelephony.framework */; };
		42C4E7241884F9CB00E650BE /* libstdc++.dylib in Frameworks */ = {isa = PBXBuildFile; fileRef = 42C4E7231884F9CB00E650BE /* libstdc++.dylib */; };
		42C4E7261884F9D800E650BE /* libz.dylib in Frameworks */ = {isa = PBXBuildFile; fileRef = 42C4E7251884F9D800E650BE /* libz.dylib */; };
		42C4E778188526E800E650BE /* BMSNSLoginView.m in Sources */ = {isa = PBXBuildFile; fileRef = 42C4E777188526E800E650BE /* BMSNSLoginView.m */; };
		42C4E77B1885285200E650BE /* BMSNSLoginButton.m in Sources */ = {isa = PBXBuildFile; fileRef = 42C4E77A1885285200E650BE /* BMSNSLoginButton.m */; };
		42C4E77E18866B5500E650BE /* BMFeedbackViewController.m in Sources */ = {isa = PBXBuildFile; fileRef = 42C4E77D18866B5500E650BE /* BMFeedbackViewController.m */; };
		42C4E78318866B8E00E650BE /* L_FeedbackTableViewCell.m in Sources */ = {isa = PBXBuildFile; fileRef = 42C4E78018866B8E00E650BE /* L_FeedbackTableViewCell.m */; };
		42C4E78418866B8E00E650BE /* R_FeedbackTableViewCell.m in Sources */ = {isa = PBXBuildFile; fileRef = 42C4E78218866B8E00E650BE /* R_FeedbackTableViewCell.m */; };
		42C4E78718866E0500E650BE /* BMPlaceHolderTextView.m in Sources */ = {isa = PBXBuildFile; fileRef = 42C4E78618866E0500E650BE /* BMPlaceHolderTextView.m */; };
		42C4E7881888F34F00E650BE /* libUMSocial_Sdk_3.3.3.a in Frameworks */ = {isa = PBXBuildFile; fileRef = D81DB80D18877AEF002D27B5 /* libUMSocial_Sdk_3.3.3.a */; };
		42C4E7891888F37400E650BE /* libWeChatSDK.a in Frameworks */ = {isa = PBXBuildFile; fileRef = D81DB7FE18877AEF002D27B5 /* libWeChatSDK.a */; };
		42C4E78A1888F37B00E650BE /* TencentOpenAPI.framework in Frameworks */ = {isa = PBXBuildFile; fileRef = D81DB81B18877AEF002D27B5 /* TencentOpenAPI.framework */; };
		42C4E79618891F9200E650BE /* Media.m in Sources */ = {isa = PBXBuildFile; fileRef = 42C4E79518891F9200E650BE /* Media.m */; };
		42C5844A187A73A700D919EB /* BMCategoryViewController.m in Sources */ = {isa = PBXBuildFile; fileRef = 42C58449187A73A700D919EB /* BMCategoryViewController.m */; };
		42C5844D187A762600D919EB /* BMSubmissionViewController.m in Sources */ = {isa = PBXBuildFile; fileRef = 42C5844C187A762600D919EB /* BMSubmissionViewController.m */; };
		42C5844F187A8B5700D919EB /* Config.json in Resources */ = {isa = PBXBuildFile; fileRef = 42C5844E187A8B5700D919EB /* Config.json */; };
		42C6D28F18725C3F00F796FB /* QuartzCore.framework in Frameworks */ = {isa = PBXBuildFile; fileRef = 42C6D28E18725C3F00F796FB /* QuartzCore.framework */; };
		42C6D29218725EC500F796FB /* BMDetailNewsViewController.m in Sources */ = {isa = PBXBuildFile; fileRef = 42C6D29118725EC500F796FB /* BMDetailNewsViewController.m */; };
		42C6D2951872843800F796FB /* BMBaseViewController.m in Sources */ = {isa = PBXBuildFile; fileRef = 42C6D2941872843800F796FB /* BMBaseViewController.m */; };
		42C6D298187285EB00F796FB /* BMNavigationBar.m in Sources */ = {isa = PBXBuildFile; fileRef = 42C6D297187285EB00F796FB /* BMNavigationBar.m */; };
		42C6D2A71872A11C00F796FB /* IISideController.m in Sources */ = {isa = PBXBuildFile; fileRef = 42C6D2A21872A11C00F796FB /* IISideController.m */; };
		42C6D2A81872A11C00F796FB /* IIViewDeckController.m in Sources */ = {isa = PBXBuildFile; fileRef = 42C6D2A41872A11C00F796FB /* IIViewDeckController.m */; };
		42C6D2A91872A11C00F796FB /* IIWrapController.m in Sources */ = {isa = PBXBuildFile; fileRef = 42C6D2A61872A11C00F796FB /* IIWrapController.m */; };
		42C6D2AE1872AA8600F796FB /* BMSearchView.m in Sources */ = {isa = PBXBuildFile; fileRef = 42C6D2AD1872AA8600F796FB /* BMSearchView.m */; };
		42C7BAB81871059100BD6382 /* Foundation.framework in Frameworks */ = {isa = PBXBuildFile; fileRef = 42C7BAB71871059100BD6382 /* Foundation.framework */; };
		42C7BABA1871059100BD6382 /* CoreGraphics.framework in Frameworks */ = {isa = PBXBuildFile; fileRef = 42C7BAB91871059100BD6382 /* CoreGraphics.framework */; };
		42C7BABC1871059100BD6382 /* UIKit.framework in Frameworks */ = {isa = PBXBuildFile; fileRef = 42C7BABB1871059100BD6382 /* UIKit.framework */; };
		42C7BAC21871059100BD6382 /* InfoPlist.strings in Resources */ = {isa = PBXBuildFile; fileRef = 42C7BAC01871059100BD6382 /* InfoPlist.strings */; };
		42C7BAC41871059100BD6382 /* main.m in Sources */ = {isa = PBXBuildFile; fileRef = 42C7BAC31871059100BD6382 /* main.m */; };
		42C7BAC81871059100BD6382 /* AppDelegate.m in Sources */ = {isa = PBXBuildFile; fileRef = 42C7BAC71871059100BD6382 /* AppDelegate.m */; };
		42C7BACB1871059100BD6382 /* Main.storyboard in Resources */ = {isa = PBXBuildFile; fileRef = 42C7BAC91871059100BD6382 /* Main.storyboard */; };
		42C7BAD01871059100BD6382 /* Images.xcassets in Resources */ = {isa = PBXBuildFile; fileRef = 42C7BACF1871059100BD6382 /* Images.xcassets */; };
		42C7BAD71871059100BD6382 /* XCTest.framework in Frameworks */ = {isa = PBXBuildFile; fileRef = 42C7BAD61871059100BD6382 /* XCTest.framework */; };
		42C7BAD81871059100BD6382 /* Foundation.framework in Frameworks */ = {isa = PBXBuildFile; fileRef = 42C7BAB71871059100BD6382 /* Foundation.framework */; };
		42C7BAD91871059100BD6382 /* UIKit.framework in Frameworks */ = {isa = PBXBuildFile; fileRef = 42C7BABB1871059100BD6382 /* UIKit.framework */; };
		42C7BAE11871059100BD6382 /* InfoPlist.strings in Resources */ = {isa = PBXBuildFile; fileRef = 42C7BADF1871059100BD6382 /* InfoPlist.strings */; };
		42C7BAE31871059100BD6382 /* BananaNewsTests.m in Sources */ = {isa = PBXBuildFile; fileRef = 42C7BAE21871059100BD6382 /* BananaNewsTests.m */; };
		42C7BAEF18710C2000BD6382 /* BMSidePanelController.m in Sources */ = {isa = PBXBuildFile; fileRef = 42C7BAEE18710C2000BD6382 /* BMSidePanelController.m */; };
		42C7BAFB18710E6700BD6382 /* BMLeftViewController.m in Sources */ = {isa = PBXBuildFile; fileRef = 42C7BAFA18710E6700BD6382 /* BMLeftViewController.m */; };
		42C7BAFE18710E7300BD6382 /* BMHomeViewController.m in Sources */ = {isa = PBXBuildFile; fileRef = 42C7BAFD18710E7300BD6382 /* BMHomeViewController.m */; };
		42C7BB0118710E7F00BD6382 /* BMRightViewController.m in Sources */ = {isa = PBXBuildFile; fileRef = 42C7BB0018710E7F00BD6382 /* BMRightViewController.m */; };
		42C7BB0618712BF700BD6382 /* BMLeftViewCell.m in Sources */ = {isa = PBXBuildFile; fileRef = 42C7BB0518712BF700BD6382 /* BMLeftViewCell.m */; };
		42C7BB0A1871447100BD6382 /* BMNavigationController.m in Sources */ = {isa = PBXBuildFile; fileRef = 42C7BB091871447100BD6382 /* BMNavigationController.m */; };
		42C7BB1F18715D8000BD6382 /* BMRootViewController.m in Sources */ = {isa = PBXBuildFile; fileRef = 42C7BB1E18715D8000BD6382 /* BMRootViewController.m */; };
		42C7BB2318715E3100BD6382 /* BMNavBackButton.m in Sources */ = {isa = PBXBuildFile; fileRef = 42C7BB2218715E3100BD6382 /* BMNavBackButton.m */; };
		42CA255618769C4A00FB1764 /* BMNewsListCell.m in Sources */ = {isa = PBXBuildFile; fileRef = 42CA255518769C4A00FB1764 /* BMNewsListCell.m */; };
		42D05F76187E417700DC5E7E /* BMDetailViewController.m in Sources */ = {isa = PBXBuildFile; fileRef = 42D05F75187E417700DC5E7E /* BMDetailViewController.m */; };
		42E3AD6B187F872400ADFAD9 /* BMPageViewController.m in Sources */ = {isa = PBXBuildFile; fileRef = 42E3AD6A187F872400ADFAD9 /* BMPageViewController.m */; };
		42E3AD71187F885100ADFAD9 /* BMTabViewController.m in Sources */ = {isa = PBXBuildFile; fileRef = 42E3AD70187F885100ADFAD9 /* BMTabViewController.m */; };
		42E8681718764A1A00B02A0B /* Database.xcdatamodeld in Sources */ = {isa = PBXBuildFile; fileRef = 42E8681518764A1A00B02A0B /* Database.xcdatamodeld */; };
		42E8681A18764A2500B02A0B /* BMNewsManager.m in Sources */ = {isa = PBXBuildFile; fileRef = 42E8681918764A2500B02A0B /* BMNewsManager.m */; };
		42E8681E187657C500B02A0B /* BMListViewController.m in Sources */ = {isa = PBXBuildFile; fileRef = 42E8681D187657C500B02A0B /* BMListViewController.m */; };
		42EC5AB0188CB57600FC00F9 /* BMCommentCell.m in Sources */ = {isa = PBXBuildFile; fileRef = 42EC5AAF188CB57600FC00F9 /* BMCommentCell.m */; };
		CE8BC6AFDCC940D28D1B30C8 /* libPods.a in Frameworks */ = {isa = PBXBuildFile; fileRef = 620E8C38B3E24A3191C52FA1 /* libPods.a */; };
		D81DB82A18877AEF002D27B5 /* UMSocialLocalizable.strings in Resources */ = {isa = PBXBuildFile; fileRef = D81DB7FA18877AEF002D27B5 /* UMSocialLocalizable.strings */; };
		D81DB82D18877AEF002D27B5 /* UMSCommentDetailController.xib in Resources */ = {isa = PBXBuildFile; fileRef = D81DB80F18877AEF002D27B5 /* UMSCommentDetailController.xib */; };
		D81DB82E18877AEF002D27B5 /* UMSCommentInputController.xib in Resources */ = {isa = PBXBuildFile; fileRef = D81DB81018877AEF002D27B5 /* UMSCommentInputController.xib */; };
		D81DB82F18877AEF002D27B5 /* UMSCommentInputControlleriPad.xib in Resources */ = {isa = PBXBuildFile; fileRef = D81DB81118877AEF002D27B5 /* UMSCommentInputControlleriPad.xib */; };
		D81DB83018877AEF002D27B5 /* UMShareEditViewController.xib in Resources */ = {isa = PBXBuildFile; fileRef = D81DB81218877AEF002D27B5 /* UMShareEditViewController.xib */; };
		D81DB83118877AEF002D27B5 /* UMShareEditViewControlleriPad.xib in Resources */ = {isa = PBXBuildFile; fileRef = D81DB81318877AEF002D27B5 /* UMShareEditViewControlleriPad.xib */; };
		D81DB83218877AEF002D27B5 /* UMSLoginViewController.xib in Resources */ = {isa = PBXBuildFile; fileRef = D81DB81418877AEF002D27B5 /* UMSLoginViewController.xib */; };
		D81DB83318877AEF002D27B5 /* UMSnsAccountViewController.xib in Resources */ = {isa = PBXBuildFile; fileRef = D81DB81518877AEF002D27B5 /* UMSnsAccountViewController.xib */; };
		D81DB83418877AEF002D27B5 /* UMSShareListController.xib in Resources */ = {isa = PBXBuildFile; fileRef = D81DB81618877AEF002D27B5 /* UMSShareListController.xib */; };
		D81DB83518877AEF002D27B5 /* UMSocialSDKResourcesNew.bundle in Resources */ = {isa = PBXBuildFile; fileRef = D81DB81718877AEF002D27B5 /* UMSocialSDKResourcesNew.bundle */; };
		D81DB83718877AEF002D27B5 /* TencentOpenApi_IOS_Bundle.bundle in Resources */ = {isa = PBXBuildFile; fileRef = D81DB81C18877AEF002D27B5 /* TencentOpenApi_IOS_Bundle.bundle */; };
		D81DB83818877AEF002D27B5 /* iOS-social-analytics-releasenote.html in Resources */ = {isa = PBXBuildFile; fileRef = D81DB81E18877AEF002D27B5 /* iOS-social-analytics-releasenote.html */; };
		D81DB83918877AEF002D27B5 /* iOS-social-releasenote.html in Resources */ = {isa = PBXBuildFile; fileRef = D81DB81F18877AEF002D27B5 /* iOS-social-releasenote.html */; };
		D81DB83A18877AEF002D27B5 /* ios-social-sdk-comment-detail.html in Resources */ = {isa = PBXBuildFile; fileRef = D81DB82018877AEF002D27B5 /* ios-social-sdk-comment-detail.html */; };
		D81DB83B18877AEF002D27B5 /* ios-social-sdk-comment-quick.html in Resources */ = {isa = PBXBuildFile; fileRef = D81DB82118877AEF002D27B5 /* ios-social-sdk-comment-quick.html */; };
		D81DB83C18877AEF002D27B5 /* ios-social-sdk-like.html in Resources */ = {isa = PBXBuildFile; fileRef = D81DB82218877AEF002D27B5 /* ios-social-sdk-like.html */; };
		D81DB83D18877AEF002D27B5 /* ios-social-sdk-login-detail.html in Resources */ = {isa = PBXBuildFile; fileRef = D81DB82318877AEF002D27B5 /* ios-social-sdk-login-detail.html */; };
		D81DB83E18877AEF002D27B5 /* ios-social-sdk-login-quick.html in Resources */ = {isa = PBXBuildFile; fileRef = D81DB82418877AEF002D27B5 /* ios-social-sdk-login-quick.html */; };
		D81DB83F18877AEF002D27B5 /* ios-social-sdk-shake.html in Resources */ = {isa = PBXBuildFile; fileRef = D81DB82518877AEF002D27B5 /* ios-social-sdk-shake.html */; };
		D81DB84018877AEF002D27B5 /* ios-social-sdk-share-detail.html in Resources */ = {isa = PBXBuildFile; fileRef = D81DB82618877AEF002D27B5 /* ios-social-sdk-share-detail.html */; };
		D81DB84118877AEF002D27B5 /* ios-social-sdk-share-quick.html in Resources */ = {isa = PBXBuildFile; fileRef = D81DB82718877AEF002D27B5 /* ios-social-sdk-share-quick.html */; };
		D81DB84218877AEF002D27B5 /* ios-social-sdk-socialBar.html in Resources */ = {isa = PBXBuildFile; fileRef = D81DB82818877AEF002D27B5 /* ios-social-sdk-socialBar.html */; };
		D81DB84318877AEF002D27B5 /* markdown.css in Resources */ = {isa = PBXBuildFile; fileRef = D81DB82918877AEF002D27B5 /* markdown.css */; };
		D821E84C18751228005C1604 /* BMSearchViewController.m in Sources */ = {isa = PBXBuildFile; fileRef = D821E84B18751228005C1604 /* BMSearchViewController.m */; };
		D821E85218752D02005C1604 /* BMCustomButton.m in Sources */ = {isa = PBXBuildFile; fileRef = D821E85118752D02005C1604 /* BMCustomButton.m */; };
		D821E855187560AF005C1604 /* BMCollectViewController.m in Sources */ = {isa = PBXBuildFile; fileRef = D821E854187560AF005C1604 /* BMCollectViewController.m */; };
		D821E85818757A80005C1604 /* BMSettingViewController.m in Sources */ = {isa = PBXBuildFile; fileRef = D821E85718757A80005C1604 /* BMSettingViewController.m */; };
		D821E85E18759AC6005C1604 /* BMUtils.m in Sources */ = {isa = PBXBuildFile; fileRef = D821E85D18759AC6005C1604 /* BMUtils.m */; };
		D88A31891897A92F0054FD7B /* BMSearchListViewController.m in Sources */ = {isa = PBXBuildFile; fileRef = D88A31881897A92F0054FD7B /* BMSearchListViewController.m */; };
		D88A318C1897ADB50054FD7B /* BMUserSearchView.m in Sources */ = {isa = PBXBuildFile; fileRef = D88A318B1897ADB50054FD7B /* BMUserSearchView.m */; };
		D88A318F1897D1560054FD7B /* BMUserButton.m in Sources */ = {isa = PBXBuildFile; fileRef = D88A318E1897D1560054FD7B /* BMUserButton.m */; };
		D88A31921897E3A80054FD7B /* BMUsersViewController.m in Sources */ = {isa = PBXBuildFile; fileRef = D88A31911897E3A80054FD7B /* BMUsersViewController.m */; };
		D88A31981898A3A90054FD7B /* News.m in Sources */ = {isa = PBXBuildFile; fileRef = D88A31971898A3A90054FD7B /* News.m */; };
		D88A319B1898A3AA0054FD7B /* NewsCategory.m in Sources */ = {isa = PBXBuildFile; fileRef = D88A319A1898A3AA0054FD7B /* NewsCategory.m */; };
		D8C503AE189360BF0092CAC0 /* BMCollectListViewController.m in Sources */ = {isa = PBXBuildFile; fileRef = D8C503AD189360BF0092CAC0 /* BMCollectListViewController.m */; };
		D8C503B11894F85C0092CAC0 /* User.m in Sources */ = {isa = PBXBuildFile; fileRef = D8C503B01894F85C0092CAC0 /* User.m */; };
		D8C503B41894F85D0092CAC0 /* Comment.m in Sources */ = {isa = PBXBuildFile; fileRef = D8C503B31894F85D0092CAC0 /* Comment.m */; };
		D8C503B7189536650092CAC0 /* BMUserInfoViewController.m in Sources */ = {isa = PBXBuildFile; fileRef = D8C503B6189536650092CAC0 /* BMUserInfoViewController.m */; };
		D8D2CD8918C0C8E8003309A2 /* MediaPlayer.framework in Frameworks */ = {isa = PBXBuildFile; fileRef = D8D2CD8818C0C8E8003309A2 /* MediaPlayer.framework */; };
		D8EA5913187C0FD500EEB573 /* BMNewsImageView.m in Sources */ = {isa = PBXBuildFile; fileRef = D8EA5912187C0FD500EEB573 /* BMNewsImageView.m */; };
		D8EA59191880B0C800EEB573 /* GTCyclePageView.m in Sources */ = {isa = PBXBuildFile; fileRef = D8EA59161880B0C800EEB573 /* GTCyclePageView.m */; };
		D8EA591A1880B0C800EEB573 /* GTCyclePageViewCell.m in Sources */ = {isa = PBXBuildFile; fileRef = D8EA59181880B0C800EEB573 /* GTCyclePageViewCell.m */; };
		D8EA591E1881381E00EEB573 /* EGORefreshTableHeaderView.m in Sources */ = {isa = PBXBuildFile; fileRef = D8EA591D1881381E00EEB573 /* EGORefreshTableHeaderView.m */; settings = {COMPILER_FLAGS = "-fno-objc-arc"; }; };
		D8F72B8C189697AD0093978C /* Icon@2x.png in Resources */ = {isa = PBXBuildFile; fileRef = D8F72B84189697AD0093978C /* Icon@2x.png */; };
		D8F72B8D189697AD0093978C /* Icon-120.png in Resources */ = {isa = PBXBuildFile; fileRef = D8F72B85189697AD0093978C /* Icon-120.png */; };
		D8F72B8E189697AD0093978C /* Icon-Small.png in Resources */ = {isa = PBXBuildFile; fileRef = D8F72B86189697AD0093978C /* Icon-Small.png */; };
		D8F72B90189697AD0093978C /* Icon.png in Resources */ = {isa = PBXBuildFile; fileRef = D8F72B88189697AD0093978C /* Icon.png */; };
		D8F72B91189697AD0093978C /* Icon-Small@2x.png in Resources */ = {isa = PBXBuildFile; fileRef = D8F72B89189697AD0093978C /* Icon-Small@2x.png */; };
		D8F72B92189697AD0093978C /* Icon-80.png in Resources */ = {isa = PBXBuildFile; fileRef = D8F72B8A189697AD0093978C /* Icon-80.png */; };
		D8F72B9718969CFF0093978C /* BMUserDetailViewController.m in Sources */ = {isa = PBXBuildFile; fileRef = D8F72B9618969CFF0093978C /* BMUserDetailViewController.m */; };
		D8F72B991896B4370093978C /* iTunesArtwork in Resources */ = {isa = PBXBuildFile; fileRef = D8F72B981896B4370093978C /* iTunesArtwork */; };
		D8F72B9C1897465E0093978C /* BMSettingCell.m in Sources */ = {isa = PBXBuildFile; fileRef = D8F72B9B1897465E0093978C /* BMSettingCell.m */; };
		D8F72BA0189762950093978C /* Default-568h@2x.png in Resources */ = {isa = PBXBuildFile; fileRef = D8F72B9D189762950093978C /* Default-568h@2x.png */; };
		D8F72BA1189762950093978C /* Default.png in Resources */ = {isa = PBXBuildFile; fileRef = D8F72B9E189762950093978C /* Default.png */; };
		D8F72BA2189762950093978C /* Default@2x.png in Resources */ = {isa = PBXBuildFile; fileRef = D8F72B9F189762950093978C /* Default@2x.png */; };
/* End PBXBuildFile section */

/* Begin PBXContainerItemProxy section */
		42C7BADA1871059100BD6382 /* PBXContainerItemProxy */ = {
			isa = PBXContainerItemProxy;
			containerPortal = 42C7BAAC1871059100BD6382 /* Project object */;
			proxyType = 1;
			remoteGlobalIDString = 42C7BAB31871059100BD6382;
			remoteInfo = BananaNews;
		};
/* End PBXContainerItemProxy section */

/* Begin PBXFileReference section */
		42C4E6CB1884D21100E650BE /* Localizable.strings */ = {isa = PBXFileReference; fileEncoding = 4; lastKnownFileType = text.plist.strings; path = Localizable.strings; sourceTree = "<group>"; };
		42C4E7191884F96900E650BE /* Security.framework */ = {isa = PBXFileReference; lastKnownFileType = wrapper.framework; name = Security.framework; path = System/Library/Frameworks/Security.framework; sourceTree = SDKROOT; };
		42C4E71B1884F97C00E650BE /* libiconv.dylib */ = {isa = PBXFileReference; lastKnownFileType = "compiled.mach-o.dylib"; name = libiconv.dylib; path = usr/lib/libiconv.dylib; sourceTree = SDKROOT; };
		42C4E71D1884F98F00E650BE /* SystemConfiguration.framework */ = {isa = PBXFileReference; lastKnownFileType = wrapper.framework; name = SystemConfiguration.framework; path = System/Library/Frameworks/SystemConfiguration.framework; sourceTree = SDKROOT; };
		42C4E71F1884F9AD00E650BE /* libsqlite3.dylib */ = {isa = PBXFileReference; lastKnownFileType = "compiled.mach-o.dylib"; name = libsqlite3.dylib; path = usr/lib/libsqlite3.dylib; sourceTree = SDKROOT; };
		42C4E7211884F9BB00E650BE /* CoreTelephony.framework */ = {isa = PBXFileReference; lastKnownFileType = wrapper.framework; name = CoreTelephony.framework; path = System/Library/Frameworks/CoreTelephony.framework; sourceTree = SDKROOT; };
		42C4E7231884F9CB00E650BE /* libstdc++.dylib */ = {isa = PBXFileReference; lastKnownFileType = "compiled.mach-o.dylib"; name = "libstdc++.dylib"; path = "usr/lib/libstdc++.dylib"; sourceTree = SDKROOT; };
		42C4E7251884F9D800E650BE /* libz.dylib */ = {isa = PBXFileReference; lastKnownFileType = "compiled.mach-o.dylib"; name = libz.dylib; path = usr/lib/libz.dylib; sourceTree = SDKROOT; };
		42C4E776188526E800E650BE /* BMSNSLoginView.h */ = {isa = PBXFileReference; fileEncoding = 4; lastKnownFileType = sourcecode.c.h; path = BMSNSLoginView.h; sourceTree = "<group>"; };
		42C4E777188526E800E650BE /* BMSNSLoginView.m */ = {isa = PBXFileReference; fileEncoding = 4; lastKnownFileType = sourcecode.c.objc; path = BMSNSLoginView.m; sourceTree = "<group>"; };
		42C4E7791885285200E650BE /* BMSNSLoginButton.h */ = {isa = PBXFileReference; fileEncoding = 4; lastKnownFileType = sourcecode.c.h; path = BMSNSLoginButton.h; sourceTree = "<group>"; };
		42C4E77A1885285200E650BE /* BMSNSLoginButton.m */ = {isa = PBXFileReference; fileEncoding = 4; lastKnownFileType = sourcecode.c.objc; path = BMSNSLoginButton.m; sourceTree = "<group>"; };
		42C4E77C18866B5500E650BE /* BMFeedbackViewController.h */ = {isa = PBXFileReference; fileEncoding = 4; lastKnownFileType = sourcecode.c.h; path = BMFeedbackViewController.h; sourceTree = "<group>"; };
		42C4E77D18866B5500E650BE /* BMFeedbackViewController.m */ = {isa = PBXFileReference; fileEncoding = 4; lastKnownFileType = sourcecode.c.objc; path = BMFeedbackViewController.m; sourceTree = "<group>"; };
		42C4E77F18866B8E00E650BE /* L_FeedbackTableViewCell.h */ = {isa = PBXFileReference; fileEncoding = 4; lastKnownFileType = sourcecode.c.h; path = L_FeedbackTableViewCell.h; sourceTree = "<group>"; };
		42C4E78018866B8E00E650BE /* L_FeedbackTableViewCell.m */ = {isa = PBXFileReference; fileEncoding = 4; lastKnownFileType = sourcecode.c.objc; path = L_FeedbackTableViewCell.m; sourceTree = "<group>"; };
		42C4E78118866B8E00E650BE /* R_FeedbackTableViewCell.h */ = {isa = PBXFileReference; fileEncoding = 4; lastKnownFileType = sourcecode.c.h; path = R_FeedbackTableViewCell.h; sourceTree = "<group>"; };
		42C4E78218866B8E00E650BE /* R_FeedbackTableViewCell.m */ = {isa = PBXFileReference; fileEncoding = 4; lastKnownFileType = sourcecode.c.objc; path = R_FeedbackTableViewCell.m; sourceTree = "<group>"; };
		42C4E78518866E0500E650BE /* BMPlaceHolderTextView.h */ = {isa = PBXFileReference; fileEncoding = 4; lastKnownFileType = sourcecode.c.h; path = BMPlaceHolderTextView.h; sourceTree = "<group>"; };
		42C4E78618866E0500E650BE /* BMPlaceHolderTextView.m */ = {isa = PBXFileReference; fileEncoding = 4; lastKnownFileType = sourcecode.c.objc; path = BMPlaceHolderTextView.m; sourceTree = "<group>"; };
		42C4E79418891F9200E650BE /* Media.h */ = {isa = PBXFileReference; fileEncoding = 4; lastKnownFileType = sourcecode.c.h; path = Media.h; sourceTree = "<group>"; };
		42C4E79518891F9200E650BE /* Media.m */ = {isa = PBXFileReference; fileEncoding = 4; lastKnownFileType = sourcecode.c.objc; path = Media.m; sourceTree = "<group>"; };
		42C58448187A73A700D919EB /* BMCategoryViewController.h */ = {isa = PBXFileReference; fileEncoding = 4; lastKnownFileType = sourcecode.c.h; path = BMCategoryViewController.h; sourceTree = "<group>"; };
		42C58449187A73A700D919EB /* BMCategoryViewController.m */ = {isa = PBXFileReference; fileEncoding = 4; lastKnownFileType = sourcecode.c.objc; path = BMCategoryViewController.m; sourceTree = "<group>"; };
		42C5844B187A762600D919EB /* BMSubmissionViewController.h */ = {isa = PBXFileReference; fileEncoding = 4; lastKnownFileType = sourcecode.c.h; path = BMSubmissionViewController.h; sourceTree = "<group>"; };
		42C5844C187A762600D919EB /* BMSubmissionViewController.m */ = {isa = PBXFileReference; fileEncoding = 4; lastKnownFileType = sourcecode.c.objc; path = BMSubmissionViewController.m; sourceTree = "<group>"; };
		42C5844E187A8B5700D919EB /* Config.json */ = {isa = PBXFileReference; fileEncoding = 4; lastKnownFileType = text.json; path = Config.json; sourceTree = "<group>"; };
		42C6D28E18725C3F00F796FB /* QuartzCore.framework */ = {isa = PBXFileReference; lastKnownFileType = wrapper.framework; name = QuartzCore.framework; path = System/Library/Frameworks/QuartzCore.framework; sourceTree = SDKROOT; };
		42C6D29018725EC500F796FB /* BMDetailNewsViewController.h */ = {isa = PBXFileReference; fileEncoding = 4; lastKnownFileType = sourcecode.c.h; path = BMDetailNewsViewController.h; sourceTree = "<group>"; };
		42C6D29118725EC500F796FB /* BMDetailNewsViewController.m */ = {isa = PBXFileReference; fileEncoding = 4; lastKnownFileType = sourcecode.c.objc; path = BMDetailNewsViewController.m; sourceTree = "<group>"; };
		42C6D2931872843800F796FB /* BMBaseViewController.h */ = {isa = PBXFileReference; fileEncoding = 4; lastKnownFileType = sourcecode.c.h; path = BMBaseViewController.h; sourceTree = "<group>"; };
		42C6D2941872843800F796FB /* BMBaseViewController.m */ = {isa = PBXFileReference; fileEncoding = 4; lastKnownFileType = sourcecode.c.objc; path = BMBaseViewController.m; sourceTree = "<group>"; };
		42C6D296187285EB00F796FB /* BMNavigationBar.h */ = {isa = PBXFileReference; fileEncoding = 4; lastKnownFileType = sourcecode.c.h; path = BMNavigationBar.h; sourceTree = "<group>"; };
		42C6D297187285EB00F796FB /* BMNavigationBar.m */ = {isa = PBXFileReference; fileEncoding = 4; lastKnownFileType = sourcecode.c.objc; path = BMNavigationBar.m; sourceTree = "<group>"; };
		42C6D2A11872A11C00F796FB /* IISideController.h */ = {isa = PBXFileReference; fileEncoding = 4; lastKnownFileType = sourcecode.c.h; path = IISideController.h; sourceTree = "<group>"; };
		42C6D2A21872A11C00F796FB /* IISideController.m */ = {isa = PBXFileReference; fileEncoding = 4; lastKnownFileType = sourcecode.c.objc; path = IISideController.m; sourceTree = "<group>"; };
		42C6D2A31872A11C00F796FB /* IIViewDeckController.h */ = {isa = PBXFileReference; fileEncoding = 4; lastKnownFileType = sourcecode.c.h; path = IIViewDeckController.h; sourceTree = "<group>"; };
		42C6D2A41872A11C00F796FB /* IIViewDeckController.m */ = {isa = PBXFileReference; fileEncoding = 4; lastKnownFileType = sourcecode.c.objc; path = IIViewDeckController.m; sourceTree = "<group>"; };
		42C6D2A51872A11C00F796FB /* IIWrapController.h */ = {isa = PBXFileReference; fileEncoding = 4; lastKnownFileType = sourcecode.c.h; path = IIWrapController.h; sourceTree = "<group>"; };
		42C6D2A61872A11C00F796FB /* IIWrapController.m */ = {isa = PBXFileReference; fileEncoding = 4; lastKnownFileType = sourcecode.c.objc; path = IIWrapController.m; sourceTree = "<group>"; };
		42C6D2AC1872AA8600F796FB /* BMSearchView.h */ = {isa = PBXFileReference; fileEncoding = 4; lastKnownFileType = sourcecode.c.h; path = BMSearchView.h; sourceTree = "<group>"; };
		42C6D2AD1872AA8600F796FB /* BMSearchView.m */ = {isa = PBXFileReference; fileEncoding = 4; lastKnownFileType = sourcecode.c.objc; path = BMSearchView.m; sourceTree = "<group>"; };
		42C7BAB41871059100BD6382 /* BananaNews.app */ = {isa = PBXFileReference; explicitFileType = wrapper.application; includeInIndex = 0; path = BananaNews.app; sourceTree = BUILT_PRODUCTS_DIR; };
		42C7BAB71871059100BD6382 /* Foundation.framework */ = {isa = PBXFileReference; lastKnownFileType = wrapper.framework; name = Foundation.framework; path = System/Library/Frameworks/Foundation.framework; sourceTree = SDKROOT; };
		42C7BAB91871059100BD6382 /* CoreGraphics.framework */ = {isa = PBXFileReference; lastKnownFileType = wrapper.framework; name = CoreGraphics.framework; path = System/Library/Frameworks/CoreGraphics.framework; sourceTree = SDKROOT; };
		42C7BABB1871059100BD6382 /* UIKit.framework */ = {isa = PBXFileReference; lastKnownFileType = wrapper.framework; name = UIKit.framework; path = System/Library/Frameworks/UIKit.framework; sourceTree = SDKROOT; };
		42C7BABF1871059100BD6382 /* BananaNews-Info.plist */ = {isa = PBXFileReference; lastKnownFileType = text.plist.xml; path = "BananaNews-Info.plist"; sourceTree = "<group>"; };
		42C7BAC11871059100BD6382 /* en */ = {isa = PBXFileReference; lastKnownFileType = text.plist.strings; name = en; path = en.lproj/InfoPlist.strings; sourceTree = "<group>"; };
		42C7BAC31871059100BD6382 /* main.m */ = {isa = PBXFileReference; lastKnownFileType = sourcecode.c.objc; path = main.m; sourceTree = "<group>"; };
		42C7BAC51871059100BD6382 /* BananaNews-Prefix.pch */ = {isa = PBXFileReference; lastKnownFileType = sourcecode.c.h; path = "BananaNews-Prefix.pch"; sourceTree = "<group>"; };
		42C7BAC61871059100BD6382 /* AppDelegate.h */ = {isa = PBXFileReference; lastKnownFileType = sourcecode.c.h; path = AppDelegate.h; sourceTree = "<group>"; };
		42C7BAC71871059100BD6382 /* AppDelegate.m */ = {isa = PBXFileReference; lastKnownFileType = sourcecode.c.objc; path = AppDelegate.m; sourceTree = "<group>"; };
		42C7BACA1871059100BD6382 /* Base */ = {isa = PBXFileReference; lastKnownFileType = file.storyboard; name = Base; path = Base.lproj/Main.storyboard; sourceTree = "<group>"; };
		42C7BACF1871059100BD6382 /* Images.xcassets */ = {isa = PBXFileReference; lastKnownFileType = folder.assetcatalog; path = Images.xcassets; sourceTree = "<group>"; };
		42C7BAD51871059100BD6382 /* BananaNewsTests.xctest */ = {isa = PBXFileReference; explicitFileType = wrapper.cfbundle; includeInIndex = 0; path = BananaNewsTests.xctest; sourceTree = BUILT_PRODUCTS_DIR; };
		42C7BAD61871059100BD6382 /* XCTest.framework */ = {isa = PBXFileReference; lastKnownFileType = wrapper.framework; name = XCTest.framework; path = Library/Frameworks/XCTest.framework; sourceTree = DEVELOPER_DIR; };
		42C7BADE1871059100BD6382 /* BananaNewsTests-Info.plist */ = {isa = PBXFileReference; lastKnownFileType = text.plist.xml; path = "BananaNewsTests-Info.plist"; sourceTree = "<group>"; };
		42C7BAE01871059100BD6382 /* en */ = {isa = PBXFileReference; lastKnownFileType = text.plist.strings; name = en; path = en.lproj/InfoPlist.strings; sourceTree = "<group>"; };
		42C7BAE21871059100BD6382 /* BananaNewsTests.m */ = {isa = PBXFileReference; lastKnownFileType = sourcecode.c.objc; path = BananaNewsTests.m; sourceTree = "<group>"; };
		42C7BAED18710C2000BD6382 /* BMSidePanelController.h */ = {isa = PBXFileReference; fileEncoding = 4; lastKnownFileType = sourcecode.c.h; path = BMSidePanelController.h; sourceTree = "<group>"; };
		42C7BAEE18710C2000BD6382 /* BMSidePanelController.m */ = {isa = PBXFileReference; fileEncoding = 4; lastKnownFileType = sourcecode.c.objc; path = BMSidePanelController.m; sourceTree = "<group>"; };
		42C7BAF918710E6700BD6382 /* BMLeftViewController.h */ = {isa = PBXFileReference; fileEncoding = 4; lastKnownFileType = sourcecode.c.h; path = BMLeftViewController.h; sourceTree = "<group>"; };
		42C7BAFA18710E6700BD6382 /* BMLeftViewController.m */ = {isa = PBXFileReference; fileEncoding = 4; lastKnownFileType = sourcecode.c.objc; path = BMLeftViewController.m; sourceTree = "<group>"; };
		42C7BAFC18710E7300BD6382 /* BMHomeViewController.h */ = {isa = PBXFileReference; fileEncoding = 4; lastKnownFileType = sourcecode.c.h; path = BMHomeViewController.h; sourceTree = "<group>"; };
		42C7BAFD18710E7300BD6382 /* BMHomeViewController.m */ = {isa = PBXFileReference; fileEncoding = 4; lastKnownFileType = sourcecode.c.objc; path = BMHomeViewController.m; sourceTree = "<group>"; };
		42C7BAFF18710E7F00BD6382 /* BMRightViewController.h */ = {isa = PBXFileReference; fileEncoding = 4; lastKnownFileType = sourcecode.c.h; path = BMRightViewController.h; sourceTree = "<group>"; };
		42C7BB0018710E7F00BD6382 /* BMRightViewController.m */ = {isa = PBXFileReference; fileEncoding = 4; lastKnownFileType = sourcecode.c.objc; path = BMRightViewController.m; sourceTree = "<group>"; };
		42C7BB0418712BF700BD6382 /* BMLeftViewCell.h */ = {isa = PBXFileReference; fileEncoding = 4; lastKnownFileType = sourcecode.c.h; path = BMLeftViewCell.h; sourceTree = "<group>"; };
		42C7BB0518712BF700BD6382 /* BMLeftViewCell.m */ = {isa = PBXFileReference; fileEncoding = 4; lastKnownFileType = sourcecode.c.objc; path = BMLeftViewCell.m; sourceTree = "<group>"; };
		42C7BB0718712DA300BD6382 /* BMConstant.h */ = {isa = PBXFileReference; lastKnownFileType = sourcecode.c.h; path = BMConstant.h; sourceTree = "<group>"; };
		42C7BB081871447100BD6382 /* BMNavigationController.h */ = {isa = PBXFileReference; fileEncoding = 4; lastKnownFileType = sourcecode.c.h; path = BMNavigationController.h; sourceTree = "<group>"; };
		42C7BB091871447100BD6382 /* BMNavigationController.m */ = {isa = PBXFileReference; fileEncoding = 4; lastKnownFileType = sourcecode.c.objc; path = BMNavigationController.m; sourceTree = "<group>"; };
		42C7BB1D18715D8000BD6382 /* BMRootViewController.h */ = {isa = PBXFileReference; fileEncoding = 4; lastKnownFileType = sourcecode.c.h; path = BMRootViewController.h; sourceTree = "<group>"; };
		42C7BB1E18715D8000BD6382 /* BMRootViewController.m */ = {isa = PBXFileReference; fileEncoding = 4; lastKnownFileType = sourcecode.c.objc; path = BMRootViewController.m; sourceTree = "<group>"; };
		42C7BB2118715E3100BD6382 /* BMNavBackButton.h */ = {isa = PBXFileReference; fileEncoding = 4; lastKnownFileType = sourcecode.c.h; path = BMNavBackButton.h; sourceTree = "<group>"; };
		42C7BB2218715E3100BD6382 /* BMNavBackButton.m */ = {isa = PBXFileReference; fileEncoding = 4; lastKnownFileType = sourcecode.c.objc; path = BMNavBackButton.m; sourceTree = "<group>"; };
		42CA255418769C4A00FB1764 /* BMNewsListCell.h */ = {isa = PBXFileReference; fileEncoding = 4; lastKnownFileType = sourcecode.c.h; path = BMNewsListCell.h; sourceTree = "<group>"; };
		42CA255518769C4A00FB1764 /* BMNewsListCell.m */ = {isa = PBXFileReference; fileEncoding = 4; lastKnownFileType = sourcecode.c.objc; path = BMNewsListCell.m; sourceTree = "<group>"; };
		42D05F74187E417700DC5E7E /* BMDetailViewController.h */ = {isa = PBXFileReference; fileEncoding = 4; lastKnownFileType = sourcecode.c.h; path = BMDetailViewController.h; sourceTree = "<group>"; };
		42D05F75187E417700DC5E7E /* BMDetailViewController.m */ = {isa = PBXFileReference; fileEncoding = 4; lastKnownFileType = sourcecode.c.objc; path = BMDetailViewController.m; sourceTree = "<group>"; };
		42E3AD69187F872400ADFAD9 /* BMPageViewController.h */ = {isa = PBXFileReference; fileEncoding = 4; lastKnownFileType = sourcecode.c.h; path = BMPageViewController.h; sourceTree = "<group>"; };
		42E3AD6A187F872400ADFAD9 /* BMPageViewController.m */ = {isa = PBXFileReference; fileEncoding = 4; lastKnownFileType = sourcecode.c.objc; path = BMPageViewController.m; sourceTree = "<group>"; };
		42E3AD6F187F885100ADFAD9 /* BMTabViewController.h */ = {isa = PBXFileReference; fileEncoding = 4; lastKnownFileType = sourcecode.c.h; path = BMTabViewController.h; sourceTree = "<group>"; };
		42E3AD70187F885100ADFAD9 /* BMTabViewController.m */ = {isa = PBXFileReference; fileEncoding = 4; lastKnownFileType = sourcecode.c.objc; path = BMTabViewController.m; sourceTree = "<group>"; };
		42E8681618764A1A00B02A0B /* Database.xcdatamodel */ = {isa = PBXFileReference; lastKnownFileType = wrapper.xcdatamodel; path = Database.xcdatamodel; sourceTree = "<group>"; };
		42E8681818764A2500B02A0B /* BMNewsManager.h */ = {isa = PBXFileReference; fileEncoding = 4; lastKnownFileType = sourcecode.c.h; path = BMNewsManager.h; sourceTree = "<group>"; };
		42E8681918764A2500B02A0B /* BMNewsManager.m */ = {isa = PBXFileReference; fileEncoding = 4; lastKnownFileType = sourcecode.c.objc; path = BMNewsManager.m; sourceTree = "<group>"; };
		42E8681C187657C500B02A0B /* BMListViewController.h */ = {isa = PBXFileReference; fileEncoding = 4; lastKnownFileType = sourcecode.c.h; path = BMListViewController.h; sourceTree = "<group>"; };
		42E8681D187657C500B02A0B /* BMListViewController.m */ = {isa = PBXFileReference; fileEncoding = 4; lastKnownFileType = sourcecode.c.objc; path = BMListViewController.m; sourceTree = "<group>"; };
		42EC5AAE188CB57600FC00F9 /* BMCommentCell.h */ = {isa = PBXFileReference; fileEncoding = 4; lastKnownFileType = sourcecode.c.h; path = BMCommentCell.h; sourceTree = "<group>"; };
		42EC5AAF188CB57600FC00F9 /* BMCommentCell.m */ = {isa = PBXFileReference; fileEncoding = 4; lastKnownFileType = sourcecode.c.objc; path = BMCommentCell.m; sourceTree = "<group>"; };
		620E8C38B3E24A3191C52FA1 /* libPods.a */ = {isa = PBXFileReference; explicitFileType = archive.ar; includeInIndex = 0; path = libPods.a; sourceTree = BUILT_PRODUCTS_DIR; };
		CA26BFD3CEFE45ABAC84ECBE /* Pods.xcconfig */ = {isa = PBXFileReference; includeInIndex = 1; lastKnownFileType = text.xcconfig; name = Pods.xcconfig; path = Pods/Pods.xcconfig; sourceTree = "<group>"; };
		D81DB7FB18877AEF002D27B5 /* en */ = {isa = PBXFileReference; lastKnownFileType = text.plist.strings; name = en; path = en.lproj/UMSocialLocalizable.strings; sourceTree = "<group>"; };
		D81DB7FE18877AEF002D27B5 /* libWeChatSDK.a */ = {isa = PBXFileReference; lastKnownFileType = archive.ar; path = libWeChatSDK.a; sourceTree = "<group>"; };
		D81DB7FF18877AEF002D27B5 /* WXApi.h */ = {isa = PBXFileReference; fileEncoding = 4; lastKnownFileType = sourcecode.c.h; path = WXApi.h; sourceTree = "<group>"; };
		D81DB80018877AEF002D27B5 /* WXApiObject.h */ = {isa = PBXFileReference; fileEncoding = 4; lastKnownFileType = sourcecode.c.h; path = WXApiObject.h; sourceTree = "<group>"; };
		D81DB80218877AEF002D27B5 /* UMSocial.h */ = {isa = PBXFileReference; fileEncoding = 4; lastKnownFileType = sourcecode.c.h; path = UMSocial.h; sourceTree = "<group>"; };
		D81DB80318877AEF002D27B5 /* UMSocialAccountManager.h */ = {isa = PBXFileReference; fileEncoding = 4; lastKnownFileType = sourcecode.c.h; path = UMSocialAccountManager.h; sourceTree = "<group>"; };
		D81DB80418877AEF002D27B5 /* UMSocialBar.h */ = {isa = PBXFileReference; fileEncoding = 4; lastKnownFileType = sourcecode.c.h; path = UMSocialBar.h; sourceTree = "<group>"; };
		D81DB80518877AEF002D27B5 /* UMSocialConfig.h */ = {isa = PBXFileReference; fileEncoding = 4; lastKnownFileType = sourcecode.c.h; path = UMSocialConfig.h; sourceTree = "<group>"; };
		D81DB80618877AEF002D27B5 /* UMSocialControllerService.h */ = {isa = PBXFileReference; fileEncoding = 4; lastKnownFileType = sourcecode.c.h; path = UMSocialControllerService.h; sourceTree = "<group>"; };
		D81DB80718877AEF002D27B5 /* UMSocialControllerServiceComment.h */ = {isa = PBXFileReference; fileEncoding = 4; lastKnownFileType = sourcecode.c.h; path = UMSocialControllerServiceComment.h; sourceTree = "<group>"; };
		D81DB80818877AEF002D27B5 /* UMSocialData.h */ = {isa = PBXFileReference; fileEncoding = 4; lastKnownFileType = sourcecode.c.h; path = UMSocialData.h; sourceTree = "<group>"; };
		D81DB80918877AEF002D27B5 /* UMSocialDataService.h */ = {isa = PBXFileReference; fileEncoding = 4; lastKnownFileType = sourcecode.c.h; path = UMSocialDataService.h; sourceTree = "<group>"; };
		D81DB80A18877AEF002D27B5 /* UMSocialSnsData.h */ = {isa = PBXFileReference; fileEncoding = 4; lastKnownFileType = sourcecode.c.h; path = UMSocialSnsData.h; sourceTree = "<group>"; };
		D81DB80B18877AEF002D27B5 /* UMSocialSnsPlatformManager.h */ = {isa = PBXFileReference; fileEncoding = 4; lastKnownFileType = sourcecode.c.h; path = UMSocialSnsPlatformManager.h; sourceTree = "<group>"; };
		D81DB80C18877AEF002D27B5 /* UMSocialSnsService.h */ = {isa = PBXFileReference; fileEncoding = 4; lastKnownFileType = sourcecode.c.h; path = UMSocialSnsService.h; sourceTree = "<group>"; };
		D81DB80D18877AEF002D27B5 /* libUMSocial_Sdk_3.3.3.a */ = {isa = PBXFileReference; lastKnownFileType = archive.ar; path = libUMSocial_Sdk_3.3.3.a; sourceTree = "<group>"; };
		D81DB80F18877AEF002D27B5 /* UMSCommentDetailController.xib */ = {isa = PBXFileReference; fileEncoding = 4; lastKnownFileType = file.xib; path = UMSCommentDetailController.xib; sourceTree = "<group>"; };
		D81DB81018877AEF002D27B5 /* UMSCommentInputController.xib */ = {isa = PBXFileReference; fileEncoding = 4; lastKnownFileType = file.xib; path = UMSCommentInputController.xib; sourceTree = "<group>"; };
		D81DB81118877AEF002D27B5 /* UMSCommentInputControlleriPad.xib */ = {isa = PBXFileReference; fileEncoding = 4; lastKnownFileType = file.xib; path = UMSCommentInputControlleriPad.xib; sourceTree = "<group>"; };
		D81DB81218877AEF002D27B5 /* UMShareEditViewController.xib */ = {isa = PBXFileReference; fileEncoding = 4; lastKnownFileType = file.xib; path = UMShareEditViewController.xib; sourceTree = "<group>"; };
		D81DB81318877AEF002D27B5 /* UMShareEditViewControlleriPad.xib */ = {isa = PBXFileReference; fileEncoding = 4; lastKnownFileType = file.xib; path = UMShareEditViewControlleriPad.xib; sourceTree = "<group>"; };
		D81DB81418877AEF002D27B5 /* UMSLoginViewController.xib */ = {isa = PBXFileReference; fileEncoding = 4; lastKnownFileType = file.xib; path = UMSLoginViewController.xib; sourceTree = "<group>"; };
		D81DB81518877AEF002D27B5 /* UMSnsAccountViewController.xib */ = {isa = PBXFileReference; fileEncoding = 4; lastKnownFileType = file.xib; path = UMSnsAccountViewController.xib; sourceTree = "<group>"; };
		D81DB81618877AEF002D27B5 /* UMSShareListController.xib */ = {isa = PBXFileReference; fileEncoding = 4; lastKnownFileType = file.xib; path = UMSShareListController.xib; sourceTree = "<group>"; };
		D81DB81718877AEF002D27B5 /* UMSocialSDKResourcesNew.bundle */ = {isa = PBXFileReference; lastKnownFileType = "wrapper.plug-in"; path = UMSocialSDKResourcesNew.bundle; sourceTree = "<group>"; };
		D81DB81818877AEF002D27B5 /* zh-Hans */ = {isa = PBXFileReference; lastKnownFileType = text.plist.strings; name = "zh-Hans"; path = "zh-Hans.lproj/UMSocialLocalizable.strings"; sourceTree = "<group>"; };
		D81DB81B18877AEF002D27B5 /* TencentOpenAPI.framework */ = {isa = PBXFileReference; lastKnownFileType = wrapper.framework; path = TencentOpenAPI.framework; sourceTree = "<group>"; };
		D81DB81C18877AEF002D27B5 /* TencentOpenApi_IOS_Bundle.bundle */ = {isa = PBXFileReference; lastKnownFileType = "wrapper.plug-in"; path = TencentOpenApi_IOS_Bundle.bundle; sourceTree = "<group>"; };
		D81DB81E18877AEF002D27B5 /* iOS-social-analytics-releasenote.html */ = {isa = PBXFileReference; fileEncoding = 4; lastKnownFileType = text.html; path = "iOS-social-analytics-releasenote.html"; sourceTree = "<group>"; };
		D81DB81F18877AEF002D27B5 /* iOS-social-releasenote.html */ = {isa = PBXFileReference; fileEncoding = 4; lastKnownFileType = text.html; path = "iOS-social-releasenote.html"; sourceTree = "<group>"; };
		D81DB82018877AEF002D27B5 /* ios-social-sdk-comment-detail.html */ = {isa = PBXFileReference; fileEncoding = 4; lastKnownFileType = text.html; path = "ios-social-sdk-comment-detail.html"; sourceTree = "<group>"; };
		D81DB82118877AEF002D27B5 /* ios-social-sdk-comment-quick.html */ = {isa = PBXFileReference; fileEncoding = 4; lastKnownFileType = text.html; path = "ios-social-sdk-comment-quick.html"; sourceTree = "<group>"; };
		D81DB82218877AEF002D27B5 /* ios-social-sdk-like.html */ = {isa = PBXFileReference; fileEncoding = 4; lastKnownFileType = text.html; path = "ios-social-sdk-like.html"; sourceTree = "<group>"; };
		D81DB82318877AEF002D27B5 /* ios-social-sdk-login-detail.html */ = {isa = PBXFileReference; fileEncoding = 4; lastKnownFileType = text.html; path = "ios-social-sdk-login-detail.html"; sourceTree = "<group>"; };
		D81DB82418877AEF002D27B5 /* ios-social-sdk-login-quick.html */ = {isa = PBXFileReference; fileEncoding = 4; lastKnownFileType = text.html; path = "ios-social-sdk-login-quick.html"; sourceTree = "<group>"; };
		D81DB82518877AEF002D27B5 /* ios-social-sdk-shake.html */ = {isa = PBXFileReference; fileEncoding = 4; lastKnownFileType = text.html; path = "ios-social-sdk-shake.html"; sourceTree = "<group>"; };
		D81DB82618877AEF002D27B5 /* ios-social-sdk-share-detail.html */ = {isa = PBXFileReference; fileEncoding = 4; lastKnownFileType = text.html; path = "ios-social-sdk-share-detail.html"; sourceTree = "<group>"; };
		D81DB82718877AEF002D27B5 /* ios-social-sdk-share-quick.html */ = {isa = PBXFileReference; fileEncoding = 4; lastKnownFileType = text.html; path = "ios-social-sdk-share-quick.html"; sourceTree = "<group>"; };
		D81DB82818877AEF002D27B5 /* ios-social-sdk-socialBar.html */ = {isa = PBXFileReference; fileEncoding = 4; lastKnownFileType = text.html; path = "ios-social-sdk-socialBar.html"; sourceTree = "<group>"; };
		D81DB82918877AEF002D27B5 /* markdown.css */ = {isa = PBXFileReference; fileEncoding = 4; lastKnownFileType = text.css; path = markdown.css; sourceTree = "<group>"; };
		D821E84A18751228005C1604 /* BMSearchViewController.h */ = {isa = PBXFileReference; fileEncoding = 4; lastKnownFileType = sourcecode.c.h; path = BMSearchViewController.h; sourceTree = "<group>"; };
		D821E84B18751228005C1604 /* BMSearchViewController.m */ = {isa = PBXFileReference; fileEncoding = 4; lastKnownFileType = sourcecode.c.objc; path = BMSearchViewController.m; sourceTree = "<group>"; };
		D821E85018752D02005C1604 /* BMCustomButton.h */ = {isa = PBXFileReference; fileEncoding = 4; lastKnownFileType = sourcecode.c.h; path = BMCustomButton.h; sourceTree = "<group>"; };
		D821E85118752D02005C1604 /* BMCustomButton.m */ = {isa = PBXFileReference; fileEncoding = 4; lastKnownFileType = sourcecode.c.objc; path = BMCustomButton.m; sourceTree = "<group>"; };
		D821E853187560AF005C1604 /* BMCollectViewController.h */ = {isa = PBXFileReference; fileEncoding = 4; lastKnownFileType = sourcecode.c.h; path = BMCollectViewController.h; sourceTree = "<group>"; };
		D821E854187560AF005C1604 /* BMCollectViewController.m */ = {isa = PBXFileReference; fileEncoding = 4; lastKnownFileType = sourcecode.c.objc; path = BMCollectViewController.m; sourceTree = "<group>"; };
		D821E85618757A80005C1604 /* BMSettingViewController.h */ = {isa = PBXFileReference; fileEncoding = 4; lastKnownFileType = sourcecode.c.h; path = BMSettingViewController.h; sourceTree = "<group>"; };
		D821E85718757A80005C1604 /* BMSettingViewController.m */ = {isa = PBXFileReference; fileEncoding = 4; lastKnownFileType = sourcecode.c.objc; path = BMSettingViewController.m; sourceTree = "<group>"; };
		D821E85C18759AC6005C1604 /* BMUtils.h */ = {isa = PBXFileReference; fileEncoding = 4; lastKnownFileType = sourcecode.c.h; path = BMUtils.h; sourceTree = "<group>"; };
		D821E85D18759AC6005C1604 /* BMUtils.m */ = {isa = PBXFileReference; fileEncoding = 4; lastKnownFileType = sourcecode.c.objc; path = BMUtils.m; sourceTree = "<group>"; };
		D88A31871897A92F0054FD7B /* BMSearchListViewController.h */ = {isa = PBXFileReference; fileEncoding = 4; lastKnownFileType = sourcecode.c.h; path = BMSearchListViewController.h; sourceTree = "<group>"; };
		D88A31881897A92F0054FD7B /* BMSearchListViewController.m */ = {isa = PBXFileReference; fileEncoding = 4; lastKnownFileType = sourcecode.c.objc; path = BMSearchListViewController.m; sourceTree = "<group>"; };
		D88A318A1897ADB50054FD7B /* BMUserSearchView.h */ = {isa = PBXFileReference; fileEncoding = 4; lastKnownFileType = sourcecode.c.h; path = BMUserSearchView.h; sourceTree = "<group>"; };
		D88A318B1897ADB50054FD7B /* BMUserSearchView.m */ = {isa = PBXFileReference; fileEncoding = 4; lastKnownFileType = sourcecode.c.objc; path = BMUserSearchView.m; sourceTree = "<group>"; };
		D88A318D1897D1560054FD7B /* BMUserButton.h */ = {isa = PBXFileReference; fileEncoding = 4; lastKnownFileType = sourcecode.c.h; path = BMUserButton.h; sourceTree = "<group>"; };
		D88A318E1897D1560054FD7B /* BMUserButton.m */ = {isa = PBXFileReference; fileEncoding = 4; lastKnownFileType = sourcecode.c.objc; path = BMUserButton.m; sourceTree = "<group>"; };
		D88A31901897E3A80054FD7B /* BMUsersViewController.h */ = {isa = PBXFileReference; fileEncoding = 4; lastKnownFileType = sourcecode.c.h; path = BMUsersViewController.h; sourceTree = "<group>"; };
		D88A31911897E3A80054FD7B /* BMUsersViewController.m */ = {isa = PBXFileReference; fileEncoding = 4; lastKnownFileType = sourcecode.c.objc; path = BMUsersViewController.m; sourceTree = "<group>"; };
		D88A31961898A3A90054FD7B /* News.h */ = {isa = PBXFileReference; fileEncoding = 4; lastKnownFileType = sourcecode.c.h; path = News.h; sourceTree = "<group>"; };
		D88A31971898A3A90054FD7B /* News.m */ = {isa = PBXFileReference; fileEncoding = 4; lastKnownFileType = sourcecode.c.objc; path = News.m; sourceTree = "<group>"; };
		D88A31991898A3AA0054FD7B /* NewsCategory.h */ = {isa = PBXFileReference; fileEncoding = 4; lastKnownFileType = sourcecode.c.h; path = NewsCategory.h; sourceTree = "<group>"; };
		D88A319A1898A3AA0054FD7B /* NewsCategory.m */ = {isa = PBXFileReference; fileEncoding = 4; lastKnownFileType = sourcecode.c.objc; path = NewsCategory.m; sourceTree = "<group>"; };
		D8C503AC189360BF0092CAC0 /* BMCollectListViewController.h */ = {isa = PBXFileReference; fileEncoding = 4; lastKnownFileType = sourcecode.c.h; path = BMCollectListViewController.h; sourceTree = "<group>"; };
		D8C503AD189360BF0092CAC0 /* BMCollectListViewController.m */ = {isa = PBXFileReference; fileEncoding = 4; lastKnownFileType = sourcecode.c.objc; path = BMCollectListViewController.m; sourceTree = "<group>"; };
		D8C503AF1894F85C0092CAC0 /* User.h */ = {isa = PBXFileReference; fileEncoding = 4; lastKnownFileType = sourcecode.c.h; path = User.h; sourceTree = "<group>"; };
		D8C503B01894F85C0092CAC0 /* User.m */ = {isa = PBXFileReference; fileEncoding = 4; lastKnownFileType = sourcecode.c.objc; path = User.m; sourceTree = "<group>"; };
		D8C503B21894F85D0092CAC0 /* Comment.h */ = {isa = PBXFileReference; fileEncoding = 4; lastKnownFileType = sourcecode.c.h; path = Comment.h; sourceTree = "<group>"; };
		D8C503B31894F85D0092CAC0 /* Comment.m */ = {isa = PBXFileReference; fileEncoding = 4; lastKnownFileType = sourcecode.c.objc; path = Comment.m; sourceTree = "<group>"; };
		D8C503B5189536650092CAC0 /* BMUserInfoViewController.h */ = {isa = PBXFileReference; fileEncoding = 4; lastKnownFileType = sourcecode.c.h; path = BMUserInfoViewController.h; sourceTree = "<group>"; };
		D8C503B6189536650092CAC0 /* BMUserInfoViewController.m */ = {isa = PBXFileReference; fileEncoding = 4; lastKnownFileType = sourcecode.c.objc; path = BMUserInfoViewController.m; sourceTree = "<group>"; };
		D8D2CD8818C0C8E8003309A2 /* MediaPlayer.framework */ = {isa = PBXFileReference; lastKnownFileType = wrapper.framework; name = MediaPlayer.framework; path = System/Library/Frameworks/MediaPlayer.framework; sourceTree = SDKROOT; };
		D8EA5911187C0FD500EEB573 /* BMNewsImageView.h */ = {isa = PBXFileReference; fileEncoding = 4; lastKnownFileType = sourcecode.c.h; path = BMNewsImageView.h; sourceTree = "<group>"; };
		D8EA5912187C0FD500EEB573 /* BMNewsImageView.m */ = {isa = PBXFileReference; fileEncoding = 4; lastKnownFileType = sourcecode.c.objc; path = BMNewsImageView.m; sourceTree = "<group>"; };
		D8EA59151880B0C800EEB573 /* GTCyclePageView.h */ = {isa = PBXFileReference; fileEncoding = 4; lastKnownFileType = sourcecode.c.h; path = GTCyclePageView.h; sourceTree = "<group>"; };
		D8EA59161880B0C800EEB573 /* GTCyclePageView.m */ = {isa = PBXFileReference; fileEncoding = 4; lastKnownFileType = sourcecode.c.objc; path = GTCyclePageView.m; sourceTree = "<group>"; };
		D8EA59171880B0C800EEB573 /* GTCyclePageViewCell.h */ = {isa = PBXFileReference; fileEncoding = 4; lastKnownFileType = sourcecode.c.h; path = GTCyclePageViewCell.h; sourceTree = "<group>"; };
		D8EA59181880B0C800EEB573 /* GTCyclePageViewCell.m */ = {isa = PBXFileReference; fileEncoding = 4; lastKnownFileType = sourcecode.c.objc; path = GTCyclePageViewCell.m; sourceTree = "<group>"; };
		D8EA591C1881381E00EEB573 /* EGORefreshTableHeaderView.h */ = {isa = PBXFileReference; fileEncoding = 4; lastKnownFileType = sourcecode.c.h; path = EGORefreshTableHeaderView.h; sourceTree = "<group>"; };
		D8EA591D1881381E00EEB573 /* EGORefreshTableHeaderView.m */ = {isa = PBXFileReference; fileEncoding = 4; lastKnownFileType = sourcecode.c.objc; path = EGORefreshTableHeaderView.m; sourceTree = "<group>"; };
		D8F72B84189697AD0093978C /* Icon@2x.png */ = {isa = PBXFileReference; lastKnownFileType = image.png; path = "Icon@2x.png"; sourceTree = "<group>"; };
		D8F72B85189697AD0093978C /* Icon-120.png */ = {isa = PBXFileReference; lastKnownFileType = image.png; path = "Icon-120.png"; sourceTree = "<group>"; };
		D8F72B86189697AD0093978C /* Icon-Small.png */ = {isa = PBXFileReference; lastKnownFileType = image.png; path = "Icon-Small.png"; sourceTree = "<group>"; };
		D8F72B88189697AD0093978C /* Icon.png */ = {isa = PBXFileReference; lastKnownFileType = image.png; path = Icon.png; sourceTree = "<group>"; };
		D8F72B89189697AD0093978C /* Icon-Small@2x.png */ = {isa = PBXFileReference; lastKnownFileType = image.png; path = "Icon-Small@2x.png"; sourceTree = "<group>"; };
		D8F72B8A189697AD0093978C /* Icon-80.png */ = {isa = PBXFileReference; lastKnownFileType = image.png; path = "Icon-80.png"; sourceTree = "<group>"; };
		D8F72B9518969CFF0093978C /* BMUserDetailViewController.h */ = {isa = PBXFileReference; fileEncoding = 4; lastKnownFileType = sourcecode.c.h; path = BMUserDetailViewController.h; sourceTree = "<group>"; };
		D8F72B9618969CFF0093978C /* BMUserDetailViewController.m */ = {isa = PBXFileReference; fileEncoding = 4; lastKnownFileType = sourcecode.c.objc; path = BMUserDetailViewController.m; sourceTree = "<group>"; };
		D8F72B981896B4370093978C /* iTunesArtwork */ = {isa = PBXFileReference; lastKnownFileType = file; path = iTunesArtwork; sourceTree = "<group>"; };
		D8F72B9A1897465E0093978C /* BMSettingCell.h */ = {isa = PBXFileReference; fileEncoding = 4; lastKnownFileType = sourcecode.c.h; path = BMSettingCell.h; sourceTree = "<group>"; };
		D8F72B9B1897465E0093978C /* BMSettingCell.m */ = {isa = PBXFileReference; fileEncoding = 4; lastKnownFileType = sourcecode.c.objc; path = BMSettingCell.m; sourceTree = "<group>"; };
		D8F72B9D189762950093978C /* Default-568h@2x.png */ = {isa = PBXFileReference; lastKnownFileType = image.png; path = "Default-568h@2x.png"; sourceTree = "<group>"; };
		D8F72B9E189762950093978C /* Default.png */ = {isa = PBXFileReference; lastKnownFileType = image.png; path = Default.png; sourceTree = "<group>"; };
		D8F72B9F189762950093978C /* Default@2x.png */ = {isa = PBXFileReference; lastKnownFileType = image.png; path = "Default@2x.png"; sourceTree = "<group>"; };
/* End PBXFileReference section */

/* Begin PBXFrameworksBuildPhase section */
		42C7BAB11871059100BD6382 /* Frameworks */ = {
			isa = PBXFrameworksBuildPhase;
			buildActionMask = 2147483647;
			files = (
				D8D2CD8918C0C8E8003309A2 /* MediaPlayer.framework in Frameworks */,
				42C4E7261884F9D800E650BE /* libz.dylib in Frameworks */,
				42C4E7241884F9CB00E650BE /* libstdc++.dylib in Frameworks */,
				42C4E7221884F9BB00E650BE /* CoreTelephony.framework in Frameworks */,
				42C4E7201884F9AD00E650BE /* libsqlite3.dylib in Frameworks */,
				42C4E71E1884F98F00E650BE /* SystemConfiguration.framework in Frameworks */,
				42C4E71C1884F97C00E650BE /* libiconv.dylib in Frameworks */,
				42C4E71A1884F96A00E650BE /* Security.framework in Frameworks */,
				42C6D28F18725C3F00F796FB /* QuartzCore.framework in Frameworks */,
				42C7BABA1871059100BD6382 /* CoreGraphics.framework in Frameworks */,
				42C7BABC1871059100BD6382 /* UIKit.framework in Frameworks */,
				42C7BAB81871059100BD6382 /* Foundation.framework in Frameworks */,
				42C4E78A1888F37B00E650BE /* TencentOpenAPI.framework in Frameworks */,
				42C4E7891888F37400E650BE /* libWeChatSDK.a in Frameworks */,
				CE8BC6AFDCC940D28D1B30C8 /* libPods.a in Frameworks */,
				42C4E7881888F34F00E650BE /* libUMSocial_Sdk_3.3.3.a in Frameworks */,
			);
			runOnlyForDeploymentPostprocessing = 0;
		};
		42C7BAD21871059100BD6382 /* Frameworks */ = {
			isa = PBXFrameworksBuildPhase;
			buildActionMask = 2147483647;
			files = (
				42C7BAD71871059100BD6382 /* XCTest.framework in Frameworks */,
				42C7BAD91871059100BD6382 /* UIKit.framework in Frameworks */,
				42C7BAD81871059100BD6382 /* Foundation.framework in Frameworks */,
			);
			runOnlyForDeploymentPostprocessing = 0;
		};
/* End PBXFrameworksBuildPhase section */

/* Begin PBXGroup section */
		42C6D2A01872A11C00F796FB /* ViewDeck */ = {
			isa = PBXGroup;
			children = (
				42C6D2A11872A11C00F796FB /* IISideController.h */,
				42C6D2A21872A11C00F796FB /* IISideController.m */,
				42C6D2A31872A11C00F796FB /* IIViewDeckController.h */,
				42C6D2A41872A11C00F796FB /* IIViewDeckController.m */,
				42C6D2A51872A11C00F796FB /* IIWrapController.h */,
				42C6D2A61872A11C00F796FB /* IIWrapController.m */,
			);
			path = ViewDeck;
			sourceTree = "<group>";
		};
		42C6D2AB1872AA5C00F796FB /* TextField */ = {
			isa = PBXGroup;
			children = (
				42C6D2AC1872AA8600F796FB /* BMSearchView.h */,
				42C6D2AD1872AA8600F796FB /* BMSearchView.m */,
				42C4E78518866E0500E650BE /* BMPlaceHolderTextView.h */,
				42C4E78618866E0500E650BE /* BMPlaceHolderTextView.m */,
			);
			path = TextField;
			sourceTree = "<group>";
		};
		42C7BAAB1871059100BD6382 = {
			isa = PBXGroup;
			children = (
				42C7BABD1871059100BD6382 /* BananaNews */,
				42C7BADC1871059100BD6382 /* BananaNewsTests */,
				42C7BAB61871059100BD6382 /* Frameworks */,
				42C7BAB51871059100BD6382 /* Products */,
				CA26BFD3CEFE45ABAC84ECBE /* Pods.xcconfig */,
			);
			sourceTree = "<group>";
		};
		42C7BAB51871059100BD6382 /* Products */ = {
			isa = PBXGroup;
			children = (
				42C7BAB41871059100BD6382 /* BananaNews.app */,
				42C7BAD51871059100BD6382 /* BananaNewsTests.xctest */,
			);
			name = Products;
			sourceTree = "<group>";
		};
		42C7BAB61871059100BD6382 /* Frameworks */ = {
			isa = PBXGroup;
			children = (
				D8D2CD8818C0C8E8003309A2 /* MediaPlayer.framework */,
				42C4E7251884F9D800E650BE /* libz.dylib */,
				42C4E7231884F9CB00E650BE /* libstdc++.dylib */,
				42C4E7211884F9BB00E650BE /* CoreTelephony.framework */,
				42C4E71F1884F9AD00E650BE /* libsqlite3.dylib */,
				42C4E71D1884F98F00E650BE /* SystemConfiguration.framework */,
				42C4E71B1884F97C00E650BE /* libiconv.dylib */,
				42C4E7191884F96900E650BE /* Security.framework */,
				42C6D28E18725C3F00F796FB /* QuartzCore.framework */,
				42C7BAB71871059100BD6382 /* Foundation.framework */,
				42C7BAB91871059100BD6382 /* CoreGraphics.framework */,
				42C7BABB1871059100BD6382 /* UIKit.framework */,
				42C7BAD61871059100BD6382 /* XCTest.framework */,
				620E8C38B3E24A3191C52FA1 /* libPods.a */,
			);
			name = Frameworks;
			sourceTree = "<group>";
		};
		42C7BABD1871059100BD6382 /* BananaNews */ = {
			isa = PBXGroup;
			children = (
				D8F72B82189697AD0093978C /* Image */,
				42E8681418764A1A00B02A0B /* Modal */,
				D821E85B18759A82005C1604 /* Utils */,
				42C7BB0218712BBB00BD6382 /* View */,
				42C7BAEC18710C0A00BD6382 /* ViewController */,
				42C7BB2418716DE700BD6382 /* ThirdParty */,
				42C7BAC61871059100BD6382 /* AppDelegate.h */,
				42C7BAC71871059100BD6382 /* AppDelegate.m */,
				42C7BAC91871059100BD6382 /* Main.storyboard */,
				42C7BACF1871059100BD6382 /* Images.xcassets */,
				42C7BABE1871059100BD6382 /* Supporting Files */,
			);
			path = BananaNews;
			sourceTree = "<group>";
		};
		42C7BABE1871059100BD6382 /* Supporting Files */ = {
			isa = PBXGroup;
			children = (
				42C7BB0718712DA300BD6382 /* BMConstant.h */,
				42C7BABF1871059100BD6382 /* BananaNews-Info.plist */,
				42C4E6CB1884D21100E650BE /* Localizable.strings */,
				42C7BAC01871059100BD6382 /* InfoPlist.strings */,
				42C7BAC31871059100BD6382 /* main.m */,
				42C7BAC51871059100BD6382 /* BananaNews-Prefix.pch */,
				42C5844E187A8B5700D919EB /* Config.json */,
			);
			name = "Supporting Files";
			sourceTree = "<group>";
		};
		42C7BADC1871059100BD6382 /* BananaNewsTests */ = {
			isa = PBXGroup;
			children = (
				42C7BAE21871059100BD6382 /* BananaNewsTests.m */,
				42C7BADD1871059100BD6382 /* Supporting Files */,
			);
			path = BananaNewsTests;
			sourceTree = "<group>";
		};
		42C7BADD1871059100BD6382 /* Supporting Files */ = {
			isa = PBXGroup;
			children = (
				42C7BADE1871059100BD6382 /* BananaNewsTests-Info.plist */,
				42C7BADF1871059100BD6382 /* InfoPlist.strings */,
			);
			name = "Supporting Files";
			sourceTree = "<group>";
		};
		42C7BAEC18710C0A00BD6382 /* ViewController */ = {
			isa = PBXGroup;
			children = (
				42E8681B1876579F00B02A0B /* subViewController */,
				42C7BB081871447100BD6382 /* BMNavigationController.h */,
				42C7BB091871447100BD6382 /* BMNavigationController.m */,
				42C7BAED18710C2000BD6382 /* BMSidePanelController.h */,
				42C7BAEE18710C2000BD6382 /* BMSidePanelController.m */,
				42C6D2931872843800F796FB /* BMBaseViewController.h */,
				42C6D2941872843800F796FB /* BMBaseViewController.m */,
				42C7BB1D18715D8000BD6382 /* BMRootViewController.h */,
				42C7BB1E18715D8000BD6382 /* BMRootViewController.m */,
				42C7BAF918710E6700BD6382 /* BMLeftViewController.h */,
				42C7BAFA18710E6700BD6382 /* BMLeftViewController.m */,
				42C7BAFF18710E7F00BD6382 /* BMRightViewController.h */,
				42C7BB0018710E7F00BD6382 /* BMRightViewController.m */,
				42C7BAFC18710E7300BD6382 /* BMHomeViewController.h */,
				42C7BAFD18710E7300BD6382 /* BMHomeViewController.m */,
				42C58448187A73A700D919EB /* BMCategoryViewController.h */,
				42C58449187A73A700D919EB /* BMCategoryViewController.m */,
				42C5844B187A762600D919EB /* BMSubmissionViewController.h */,
				42C5844C187A762600D919EB /* BMSubmissionViewController.m */,
				D821E84A18751228005C1604 /* BMSearchViewController.h */,
				D821E84B18751228005C1604 /* BMSearchViewController.m */,
				42C6D29018725EC500F796FB /* BMDetailNewsViewController.h */,
				42C6D29118725EC500F796FB /* BMDetailNewsViewController.m */,
				D821E853187560AF005C1604 /* BMCollectViewController.h */,
				D821E854187560AF005C1604 /* BMCollectViewController.m */,
				D821E85618757A80005C1604 /* BMSettingViewController.h */,
				D821E85718757A80005C1604 /* BMSettingViewController.m */,
				42C4E77C18866B5500E650BE /* BMFeedbackViewController.h */,
				42C4E77D18866B5500E650BE /* BMFeedbackViewController.m */,
				D8C503B5189536650092CAC0 /* BMUserInfoViewController.h */,
				D8C503B6189536650092CAC0 /* BMUserInfoViewController.m */,
				D88A31901897E3A80054FD7B /* BMUsersViewController.h */,
				D88A31911897E3A80054FD7B /* BMUsersViewController.m */,
			);
			path = ViewController;
			sourceTree = "<group>";
		};
		42C7BB0218712BBB00BD6382 /* View */ = {
			isa = PBXGroup;
			children = (
				42C6D2AB1872AA5C00F796FB /* TextField */,
				42C7BB2018715E1300BD6382 /* Button */,
				42C7BB0318712BBB00BD6382 /* Cell */,
				42C6D296187285EB00F796FB /* BMNavigationBar.h */,
				42C6D297187285EB00F796FB /* BMNavigationBar.m */,
				D8EA5911187C0FD500EEB573 /* BMNewsImageView.h */,
				D8EA5912187C0FD500EEB573 /* BMNewsImageView.m */,
				42C4E776188526E800E650BE /* BMSNSLoginView.h */,
				42C4E777188526E800E650BE /* BMSNSLoginView.m */,
				D88A318A1897ADB50054FD7B /* BMUserSearchView.h */,
				D88A318B1897ADB50054FD7B /* BMUserSearchView.m */,
			);
			path = View;
			sourceTree = "<group>";
		};
		42C7BB0318712BBB00BD6382 /* Cell */ = {
			isa = PBXGroup;
			children = (
				42C7BB0418712BF700BD6382 /* BMLeftViewCell.h */,
				42C7BB0518712BF700BD6382 /* BMLeftViewCell.m */,
				42CA255418769C4A00FB1764 /* BMNewsListCell.h */,
				42CA255518769C4A00FB1764 /* BMNewsListCell.m */,
				42EC5AAE188CB57600FC00F9 /* BMCommentCell.h */,
				42EC5AAF188CB57600FC00F9 /* BMCommentCell.m */,
				D8F72B9A1897465E0093978C /* BMSettingCell.h */,
				D8F72B9B1897465E0093978C /* BMSettingCell.m */,
				42C4E77F18866B8E00E650BE /* L_FeedbackTableViewCell.h */,
				42C4E78018866B8E00E650BE /* L_FeedbackTableViewCell.m */,
				42C4E78118866B8E00E650BE /* R_FeedbackTableViewCell.h */,
				42C4E78218866B8E00E650BE /* R_FeedbackTableViewCell.m */,
			);
			path = Cell;
			sourceTree = "<group>";
		};
		42C7BB2018715E1300BD6382 /* Button */ = {
			isa = PBXGroup;
			children = (
				42C7BB2118715E3100BD6382 /* BMNavBackButton.h */,
				42C7BB2218715E3100BD6382 /* BMNavBackButton.m */,
				D821E85018752D02005C1604 /* BMCustomButton.h */,
				D821E85118752D02005C1604 /* BMCustomButton.m */,
				42C4E7791885285200E650BE /* BMSNSLoginButton.h */,
				42C4E77A1885285200E650BE /* BMSNSLoginButton.m */,
				D88A318D1897D1560054FD7B /* BMUserButton.h */,
				D88A318E1897D1560054FD7B /* BMUserButton.m */,
			);
			path = Button;
			sourceTree = "<group>";
		};
		42C7BB2418716DE700BD6382 /* ThirdParty */ = {
			isa = PBXGroup;
			children = (
				D81DB7F818877AEF002D27B5 /* UmengSocial3.3.3 */,
				D8EA591B1881381E00EEB573 /* EGORefreshTableHeaderView */,
				D8EA59141880B0C800EEB573 /* GTCyclePageView */,
				42C6D2A01872A11C00F796FB /* ViewDeck */,
			);
			path = ThirdParty;
			sourceTree = "<group>";
		};
		42E8681418764A1A00B02A0B /* Modal */ = {
			isa = PBXGroup;
			children = (
				42E8681518764A1A00B02A0B /* Database.xcdatamodeld */,
				42E8681818764A2500B02A0B /* BMNewsManager.h */,
				42E8681918764A2500B02A0B /* BMNewsManager.m */,
				42C4E79418891F9200E650BE /* Media.h */,
				42C4E79518891F9200E650BE /* Media.m */,
				D8C503B21894F85D0092CAC0 /* Comment.h */,
				D8C503B31894F85D0092CAC0 /* Comment.m */,
				D8C503AF1894F85C0092CAC0 /* User.h */,
				D8C503B01894F85C0092CAC0 /* User.m */,
				D88A31991898A3AA0054FD7B /* NewsCategory.h */,
				D88A319A1898A3AA0054FD7B /* NewsCategory.m */,
				D88A31961898A3A90054FD7B /* News.h */,
				D88A31971898A3A90054FD7B /* News.m */,
			);
			path = Modal;
			sourceTree = "<group>";
		};
		42E8681B1876579F00B02A0B /* subViewController */ = {
			isa = PBXGroup;
			children = (
				42E8681C187657C500B02A0B /* BMListViewController.h */,
				42E8681D187657C500B02A0B /* BMListViewController.m */,
				42D05F74187E417700DC5E7E /* BMDetailViewController.h */,
				42D05F75187E417700DC5E7E /* BMDetailViewController.m */,
				42E3AD69187F872400ADFAD9 /* BMPageViewController.h */,
				42E3AD6A187F872400ADFAD9 /* BMPageViewController.m */,
				42E3AD6F187F885100ADFAD9 /* BMTabViewController.h */,
				42E3AD70187F885100ADFAD9 /* BMTabViewController.m */,
				D8C503AC189360BF0092CAC0 /* BMCollectListViewController.h */,
				D8C503AD189360BF0092CAC0 /* BMCollectListViewController.m */,
				D8F72B9518969CFF0093978C /* BMUserDetailViewController.h */,
				D8F72B9618969CFF0093978C /* BMUserDetailViewController.m */,
				D88A31871897A92F0054FD7B /* BMSearchListViewController.h */,
				D88A31881897A92F0054FD7B /* BMSearchListViewController.m */,
			);
			path = subViewController;
			sourceTree = "<group>";
		};
		D81DB7F818877AEF002D27B5 /* UmengSocial3.3.3 */ = {
			isa = PBXGroup;
			children = (
				D81DB7F918877AEF002D27B5 /* UMSocial_Sdk_3.3.3 */,
				D81DB81918877AEF002D27B5 /* UMSocial_Sdk_Extra_Frameworks */,
				D81DB81D18877AEF002D27B5 /* UMSocial_Sdk_Instructions */,
			);
			path = UmengSocial3.3.3;
			sourceTree = "<group>";
		};
		D81DB7F918877AEF002D27B5 /* UMSocial_Sdk_3.3.3 */ = {
			isa = PBXGroup;
			children = (
				D81DB7FA18877AEF002D27B5 /* UMSocialLocalizable.strings */,
				D81DB7FC18877AEF002D27B5 /* frameworks */,
				D81DB80118877AEF002D27B5 /* Header */,
				D81DB80D18877AEF002D27B5 /* libUMSocial_Sdk_3.3.3.a */,
				D81DB80E18877AEF002D27B5 /* SocialSDKXib */,
				D81DB81718877AEF002D27B5 /* UMSocialSDKResourcesNew.bundle */,
			);
			path = UMSocial_Sdk_3.3.3;
			sourceTree = "<group>";
		};
		D81DB7FC18877AEF002D27B5 /* frameworks */ = {
			isa = PBXGroup;
			children = (
				D81DB7FD18877AEF002D27B5 /* Wechat */,
			);
			path = frameworks;
			sourceTree = "<group>";
		};
		D81DB7FD18877AEF002D27B5 /* Wechat */ = {
			isa = PBXGroup;
			children = (
				D81DB7FE18877AEF002D27B5 /* libWeChatSDK.a */,
				D81DB7FF18877AEF002D27B5 /* WXApi.h */,
				D81DB80018877AEF002D27B5 /* WXApiObject.h */,
			);
			path = Wechat;
			sourceTree = "<group>";
		};
		D81DB80118877AEF002D27B5 /* Header */ = {
			isa = PBXGroup;
			children = (
				D81DB80218877AEF002D27B5 /* UMSocial.h */,
				D81DB80318877AEF002D27B5 /* UMSocialAccountManager.h */,
				D81DB80418877AEF002D27B5 /* UMSocialBar.h */,
				D81DB80518877AEF002D27B5 /* UMSocialConfig.h */,
				D81DB80618877AEF002D27B5 /* UMSocialControllerService.h */,
				D81DB80718877AEF002D27B5 /* UMSocialControllerServiceComment.h */,
				D81DB80818877AEF002D27B5 /* UMSocialData.h */,
				D81DB80918877AEF002D27B5 /* UMSocialDataService.h */,
				D81DB80A18877AEF002D27B5 /* UMSocialSnsData.h */,
				D81DB80B18877AEF002D27B5 /* UMSocialSnsPlatformManager.h */,
				D81DB80C18877AEF002D27B5 /* UMSocialSnsService.h */,
			);
			path = Header;
			sourceTree = "<group>";
		};
		D81DB80E18877AEF002D27B5 /* SocialSDKXib */ = {
			isa = PBXGroup;
			children = (
				D81DB80F18877AEF002D27B5 /* UMSCommentDetailController.xib */,
				D81DB81018877AEF002D27B5 /* UMSCommentInputController.xib */,
				D81DB81118877AEF002D27B5 /* UMSCommentInputControlleriPad.xib */,
				D81DB81218877AEF002D27B5 /* UMShareEditViewController.xib */,
				D81DB81318877AEF002D27B5 /* UMShareEditViewControlleriPad.xib */,
				D81DB81418877AEF002D27B5 /* UMSLoginViewController.xib */,
				D81DB81518877AEF002D27B5 /* UMSnsAccountViewController.xib */,
				D81DB81618877AEF002D27B5 /* UMSShareListController.xib */,
			);
			path = SocialSDKXib;
			sourceTree = "<group>";
		};
		D81DB81918877AEF002D27B5 /* UMSocial_Sdk_Extra_Frameworks */ = {
			isa = PBXGroup;
			children = (
				D81DB81A18877AEF002D27B5 /* TencentOpenAPI */,
			);
			path = UMSocial_Sdk_Extra_Frameworks;
			sourceTree = "<group>";
		};
		D81DB81A18877AEF002D27B5 /* TencentOpenAPI */ = {
			isa = PBXGroup;
			children = (
				D81DB81B18877AEF002D27B5 /* TencentOpenAPI.framework */,
				D81DB81C18877AEF002D27B5 /* TencentOpenApi_IOS_Bundle.bundle */,
			);
			path = TencentOpenAPI;
			sourceTree = "<group>";
		};
		D81DB81D18877AEF002D27B5 /* UMSocial_Sdk_Instructions */ = {
			isa = PBXGroup;
			children = (
				D81DB81E18877AEF002D27B5 /* iOS-social-analytics-releasenote.html */,
				D81DB81F18877AEF002D27B5 /* iOS-social-releasenote.html */,
				D81DB82018877AEF002D27B5 /* ios-social-sdk-comment-detail.html */,
				D81DB82118877AEF002D27B5 /* ios-social-sdk-comment-quick.html */,
				D81DB82218877AEF002D27B5 /* ios-social-sdk-like.html */,
				D81DB82318877AEF002D27B5 /* ios-social-sdk-login-detail.html */,
				D81DB82418877AEF002D27B5 /* ios-social-sdk-login-quick.html */,
				D81DB82518877AEF002D27B5 /* ios-social-sdk-shake.html */,
				D81DB82618877AEF002D27B5 /* ios-social-sdk-share-detail.html */,
				D81DB82718877AEF002D27B5 /* ios-social-sdk-share-quick.html */,
				D81DB82818877AEF002D27B5 /* ios-social-sdk-socialBar.html */,
				D81DB82918877AEF002D27B5 /* markdown.css */,
			);
			path = UMSocial_Sdk_Instructions;
			sourceTree = "<group>";
		};
		D821E85B18759A82005C1604 /* Utils */ = {
			isa = PBXGroup;
			children = (
				D821E85C18759AC6005C1604 /* BMUtils.h */,
				D821E85D18759AC6005C1604 /* BMUtils.m */,
			);
			path = Utils;
			sourceTree = "<group>";
		};
		D8EA59141880B0C800EEB573 /* GTCyclePageView */ = {
			isa = PBXGroup;
			children = (
				D8EA59151880B0C800EEB573 /* GTCyclePageView.h */,
				D8EA59161880B0C800EEB573 /* GTCyclePageView.m */,
				D8EA59171880B0C800EEB573 /* GTCyclePageViewCell.h */,
				D8EA59181880B0C800EEB573 /* GTCyclePageViewCell.m */,
			);
			path = GTCyclePageView;
			sourceTree = "<group>";
		};
		D8EA591B1881381E00EEB573 /* EGORefreshTableHeaderView */ = {
			isa = PBXGroup;
			children = (
				D8EA591C1881381E00EEB573 /* EGORefreshTableHeaderView.h */,
				D8EA591D1881381E00EEB573 /* EGORefreshTableHeaderView.m */,
			);
			path = EGORefreshTableHeaderView;
			sourceTree = "<group>";
		};
		D8F72B82189697AD0093978C /* Image */ = {
			isa = PBXGroup;
			children = (
				D8F72B9D189762950093978C /* Default-568h@2x.png */,
				D8F72B9E189762950093978C /* Default.png */,
				D8F72B9F189762950093978C /* Default@2x.png */,
				D8F72B981896B4370093978C /* iTunesArtwork */,
				D8F72B84189697AD0093978C /* Icon@2x.png */,
				D8F72B85189697AD0093978C /* Icon-120.png */,
				D8F72B86189697AD0093978C /* Icon-Small.png */,
				D8F72B88189697AD0093978C /* Icon.png */,
				D8F72B89189697AD0093978C /* Icon-Small@2x.png */,
				D8F72B8A189697AD0093978C /* Icon-80.png */,
			);
			path = Image;
			sourceTree = "<group>";
		};
/* End PBXGroup section */

/* Begin PBXNativeTarget section */
		42C7BAB31871059100BD6382 /* BananaNews */ = {
			isa = PBXNativeTarget;
			buildConfigurationList = 42C7BAE61871059100BD6382 /* Build configuration list for PBXNativeTarget "BananaNews" */;
			buildPhases = (
				8A87E61AE3174CC5BA18B4B5 /* Check Pods Manifest.lock */,
				42C7BAB01871059100BD6382 /* Sources */,
				42C7BAB11871059100BD6382 /* Frameworks */,
				42C7BAB21871059100BD6382 /* Resources */,
				B97F5782677B4E0D898395A1 /* Copy Pods Resources */,
			);
			buildRules = (
			);
			dependencies = (
			);
			name = BananaNews;
			productName = BananaNews;
			productReference = 42C7BAB41871059100BD6382 /* BananaNews.app */;
			productType = "com.apple.product-type.application";
		};
		42C7BAD41871059100BD6382 /* BananaNewsTests */ = {
			isa = PBXNativeTarget;
			buildConfigurationList = 42C7BAE91871059100BD6382 /* Build configuration list for PBXNativeTarget "BananaNewsTests" */;
			buildPhases = (
				42C7BAD11871059100BD6382 /* Sources */,
				42C7BAD21871059100BD6382 /* Frameworks */,
				42C7BAD31871059100BD6382 /* Resources */,
			);
			buildRules = (
			);
			dependencies = (
				42C7BADB1871059100BD6382 /* PBXTargetDependency */,
			);
			name = BananaNewsTests;
			productName = BananaNewsTests;
			productReference = 42C7BAD51871059100BD6382 /* BananaNewsTests.xctest */;
			productType = "com.apple.product-type.bundle.unit-test";
		};
/* End PBXNativeTarget section */

/* Begin PBXProject section */
		42C7BAAC1871059100BD6382 /* Project object */ = {
			isa = PBXProject;
			attributes = {
				LastUpgradeCheck = 0500;
				ORGANIZATIONNAME = "龚涛";
				TargetAttributes = {
					42C7BAD41871059100BD6382 = {
						TestTargetID = 42C7BAB31871059100BD6382;
					};
				};
			};
			buildConfigurationList = 42C7BAAF1871059100BD6382 /* Build configuration list for PBXProject "BananaNews" */;
			compatibilityVersion = "Xcode 3.2";
			developmentRegion = English;
			hasScannedForEncodings = 0;
			knownRegions = (
				en,
				Base,
				"zh-Hans",
			);
			mainGroup = 42C7BAAB1871059100BD6382;
			productRefGroup = 42C7BAB51871059100BD6382 /* Products */;
			projectDirPath = "";
			projectRoot = "";
			targets = (
				42C7BAB31871059100BD6382 /* BananaNews */,
				42C7BAD41871059100BD6382 /* BananaNewsTests */,
			);
		};
/* End PBXProject section */

/* Begin PBXResourcesBuildPhase section */
		42C7BAB21871059100BD6382 /* Resources */ = {
			isa = PBXResourcesBuildPhase;
			buildActionMask = 2147483647;
			files = (
				D8F72B8C189697AD0093978C /* Icon@2x.png in Resources */,
				D81DB83718877AEF002D27B5 /* TencentOpenApi_IOS_Bundle.bundle in Resources */,
				42C4E6CC1884D21100E650BE /* Localizable.strings in Resources */,
				42C7BAD01871059100BD6382 /* Images.xcassets in Resources */,
				D8F72B8E189697AD0093978C /* Icon-Small.png in Resources */,
				D81DB82E18877AEF002D27B5 /* UMSCommentInputController.xib in Resources */,
				D81DB83418877AEF002D27B5 /* UMSShareListController.xib in Resources */,
				D81DB83E18877AEF002D27B5 /* ios-social-sdk-login-quick.html in Resources */,
				D8F72BA0189762950093978C /* Default-568h@2x.png in Resources */,
				D81DB84318877AEF002D27B5 /* markdown.css in Resources */,
				D81DB83118877AEF002D27B5 /* UMShareEditViewControlleriPad.xib in Resources */,
				D81DB82D18877AEF002D27B5 /* UMSCommentDetailController.xib in Resources */,
				D81DB83018877AEF002D27B5 /* UMShareEditViewController.xib in Resources */,
				D81DB83B18877AEF002D27B5 /* ios-social-sdk-comment-quick.html in Resources */,
				D81DB82A18877AEF002D27B5 /* UMSocialLocalizable.strings in Resources */,
				D8F72B91189697AD0093978C /* Icon-Small@2x.png in Resources */,
				D8F72B90189697AD0093978C /* Icon.png in Resources */,
				D81DB83A18877AEF002D27B5 /* ios-social-sdk-comment-detail.html in Resources */,
				D81DB83318877AEF002D27B5 /* UMSnsAccountViewController.xib in Resources */,
				D8F72BA1189762950093978C /* Default.png in Resources */,
				D81DB83D18877AEF002D27B5 /* ios-social-sdk-login-detail.html in Resources */,
				D81DB83C18877AEF002D27B5 /* ios-social-sdk-like.html in Resources */,
				D8F72BA2189762950093978C /* Default@2x.png in Resources */,
				D81DB83F18877AEF002D27B5 /* ios-social-sdk-shake.html in Resources */,
				D81DB83818877AEF002D27B5 /* iOS-social-analytics-releasenote.html in Resources */,
				D81DB83518877AEF002D27B5 /* UMSocialSDKResourcesNew.bundle in Resources */,
				D81DB84018877AEF002D27B5 /* ios-social-sdk-share-detail.html in Resources */,
				42C5844F187A8B5700D919EB /* Config.json in Resources */,
				D81DB83918877AEF002D27B5 /* iOS-social-releasenote.html in Resources */,
				D8F72B991896B4370093978C /* iTunesArtwork in Resources */,
				D81DB83218877AEF002D27B5 /* UMSLoginViewController.xib in Resources */,
				D81DB84218877AEF002D27B5 /* ios-social-sdk-socialBar.html in Resources */,
				D81DB84118877AEF002D27B5 /* ios-social-sdk-share-quick.html in Resources */,
				D81DB82F18877AEF002D27B5 /* UMSCommentInputControlleriPad.xib in Resources */,
				42C7BAC21871059100BD6382 /* InfoPlist.strings in Resources */,
				D8F72B92189697AD0093978C /* Icon-80.png in Resources */,
				D8F72B8D189697AD0093978C /* Icon-120.png in Resources */,
				42C7BACB1871059100BD6382 /* Main.storyboard in Resources */,
			);
			runOnlyForDeploymentPostprocessing = 0;
		};
		42C7BAD31871059100BD6382 /* Resources */ = {
			isa = PBXResourcesBuildPhase;
			buildActionMask = 2147483647;
			files = (
				42C7BAE11871059100BD6382 /* InfoPlist.strings in Resources */,
			);
			runOnlyForDeploymentPostprocessing = 0;
		};
/* End PBXResourcesBuildPhase section */

/* Begin PBXShellScriptBuildPhase section */
		8A87E61AE3174CC5BA18B4B5 /* Check Pods Manifest.lock */ = {
			isa = PBXShellScriptBuildPhase;
			buildActionMask = 2147483647;
			files = (
			);
			inputPaths = (
			);
			name = "Check Pods Manifest.lock";
			outputPaths = (
			);
			runOnlyForDeploymentPostprocessing = 0;
			shellPath = /bin/sh;
			shellScript = "diff \"${PODS_ROOT}/../Podfile.lock\" \"${PODS_ROOT}/Manifest.lock\" > /dev/null\nif [[ $? != 0 ]] ; then\n    cat << EOM\nerror: The sandbox is not in sync with the Podfile.lock. Run 'pod install' or update your CocoaPods installation.\nEOM\n    exit 1\nfi\n";
			showEnvVarsInLog = 0;
		};
		B97F5782677B4E0D898395A1 /* Copy Pods Resources */ = {
			isa = PBXShellScriptBuildPhase;
			buildActionMask = 2147483647;
			files = (
			);
			inputPaths = (
			);
			name = "Copy Pods Resources";
			outputPaths = (
			);
			runOnlyForDeploymentPostprocessing = 0;
			shellPath = /bin/sh;
			shellScript = "\"${SRCROOT}/Pods/Pods-resources.sh\"\n";
			showEnvVarsInLog = 0;
		};
/* End PBXShellScriptBuildPhase section */

/* Begin PBXSourcesBuildPhase section */
		42C7BAB01871059100BD6382 /* Sources */ = {
			isa = PBXSourcesBuildPhase;
			buildActionMask = 2147483647;
			files = (
				42C4E778188526E800E650BE /* BMSNSLoginView.m in Sources */,
				42C7BB0618712BF700BD6382 /* BMLeftViewCell.m in Sources */,
				D8C503B7189536650092CAC0 /* BMUserInfoViewController.m in Sources */,
				42C7BB0118710E7F00BD6382 /* BMRightViewController.m in Sources */,
				42C5844A187A73A700D919EB /* BMCategoryViewController.m in Sources */,
				D821E85218752D02005C1604 /* BMCustomButton.m in Sources */,
				42C7BB1F18715D8000BD6382 /* BMRootViewController.m in Sources */,
				D8C503B41894F85D0092CAC0 /* Comment.m in Sources */,
				42D05F76187E417700DC5E7E /* BMDetailViewController.m in Sources */,
				D8C503B11894F85C0092CAC0 /* User.m in Sources */,
				42C6D2A71872A11C00F796FB /* IISideController.m in Sources */,
				42CA255618769C4A00FB1764 /* BMNewsListCell.m in Sources */,
				42C4E79618891F9200E650BE /* Media.m in Sources */,
				D821E85E18759AC6005C1604 /* BMUtils.m in Sources */,
				D8EA591E1881381E00EEB573 /* EGORefreshTableHeaderView.m in Sources */,
				42C6D2AE1872AA8600F796FB /* BMSearchView.m in Sources */,
				42C6D2951872843800F796FB /* BMBaseViewController.m in Sources */,
				42C7BAEF18710C2000BD6382 /* BMSidePanelController.m in Sources */,
				D8F72B9718969CFF0093978C /* BMUserDetailViewController.m in Sources */,
				42E3AD6B187F872400ADFAD9 /* BMPageViewController.m in Sources */,
				D88A31981898A3A90054FD7B /* News.m in Sources */,
				42C4E78418866B8E00E650BE /* R_FeedbackTableViewCell.m in Sources */,
				42C6D2A81872A11C00F796FB /* IIViewDeckController.m in Sources */,
				42C4E78318866B8E00E650BE /* L_FeedbackTableViewCell.m in Sources */,
				42C7BAC81871059100BD6382 /* AppDelegate.m in Sources */,
				D88A31921897E3A80054FD7B /* BMUsersViewController.m in Sources */,
				D88A318F1897D1560054FD7B /* BMUserButton.m in Sources */,
				42EC5AB0188CB57600FC00F9 /* BMCommentCell.m in Sources */,
				42C6D298187285EB00F796FB /* BMNavigationBar.m in Sources */,
				D88A31891897A92F0054FD7B /* BMSearchListViewController.m in Sources */,
				42C6D29218725EC500F796FB /* BMDetailNewsViewController.m in Sources */,
				42C5844D187A762600D919EB /* BMSubmissionViewController.m in Sources */,
				D8EA59191880B0C800EEB573 /* GTCyclePageView.m in Sources */,
				D8F72B9C1897465E0093978C /* BMSettingCell.m in Sources */,
				42C7BAFE18710E7300BD6382 /* BMHomeViewController.m in Sources */,
				42E3AD71187F885100ADFAD9 /* BMTabViewController.m in Sources */,
				D821E855187560AF005C1604 /* BMCollectViewController.m in Sources */,
				42C4E77B1885285200E650BE /* BMSNSLoginButton.m in Sources */,
				D821E84C18751228005C1604 /* BMSearchViewController.m in Sources */,
				D88A318C1897ADB50054FD7B /* BMUserSearchView.m in Sources */,
				42E8681A18764A2500B02A0B /* BMNewsManager.m in Sources */,
				42C7BAFB18710E6700BD6382 /* BMLeftViewController.m in Sources */,
				42E8681718764A1A00B02A0B /* Database.xcdatamodeld in Sources */,
				42C4E78718866E0500E650BE /* BMPlaceHolderTextView.m in Sources */,
				42E8681E187657C500B02A0B /* BMListViewController.m in Sources */,
				D8EA5913187C0FD500EEB573 /* BMNewsImageView.m in Sources */,
				D8C503AE189360BF0092CAC0 /* BMCollectListViewController.m in Sources */,
				D88A319B1898A3AA0054FD7B /* NewsCategory.m in Sources */,
				42C7BB2318715E3100BD6382 /* BMNavBackButton.m in Sources */,
				42C7BB0A1871447100BD6382 /* BMNavigationController.m in Sources */,
				D8EA591A1880B0C800EEB573 /* GTCyclePageViewCell.m in Sources */,
				D821E85818757A80005C1604 /* BMSettingViewController.m in Sources */,
				42C4E77E18866B5500E650BE /* BMFeedbackViewController.m in Sources */,
				42C7BAC41871059100BD6382 /* main.m in Sources */,
				42C6D2A91872A11C00F796FB /* IIWrapController.m in Sources */,
			);
			runOnlyForDeploymentPostprocessing = 0;
		};
		42C7BAD11871059100BD6382 /* Sources */ = {
			isa = PBXSourcesBuildPhase;
			buildActionMask = 2147483647;
			files = (
				42C7BAE31871059100BD6382 /* BananaNewsTests.m in Sources */,
			);
			runOnlyForDeploymentPostprocessing = 0;
		};
/* End PBXSourcesBuildPhase section */

/* Begin PBXTargetDependency section */
		42C7BADB1871059100BD6382 /* PBXTargetDependency */ = {
			isa = PBXTargetDependency;
			target = 42C7BAB31871059100BD6382 /* BananaNews */;
			targetProxy = 42C7BADA1871059100BD6382 /* PBXContainerItemProxy */;
		};
/* End PBXTargetDependency section */

/* Begin PBXVariantGroup section */
		42C7BAC01871059100BD6382 /* InfoPlist.strings */ = {
			isa = PBXVariantGroup;
			children = (
				42C7BAC11871059100BD6382 /* en */,
			);
			name = InfoPlist.strings;
			sourceTree = "<group>";
		};
		42C7BAC91871059100BD6382 /* Main.storyboard */ = {
			isa = PBXVariantGroup;
			children = (
				42C7BACA1871059100BD6382 /* Base */,
			);
			name = Main.storyboard;
			sourceTree = "<group>";
		};
		42C7BADF1871059100BD6382 /* InfoPlist.strings */ = {
			isa = PBXVariantGroup;
			children = (
				42C7BAE01871059100BD6382 /* en */,
			);
			name = InfoPlist.strings;
			sourceTree = "<group>";
		};
		D81DB7FA18877AEF002D27B5 /* UMSocialLocalizable.strings */ = {
			isa = PBXVariantGroup;
			children = (
				D81DB7FB18877AEF002D27B5 /* en */,
				D81DB81818877AEF002D27B5 /* zh-Hans */,
			);
			name = UMSocialLocalizable.strings;
			sourceTree = "<group>";
		};
/* End PBXVariantGroup section */

/* Begin XCBuildConfiguration section */
		42C7BAE41871059100BD6382 /* Debug */ = {
			isa = XCBuildConfiguration;
			buildSettings = {
				ALWAYS_SEARCH_USER_PATHS = NO;
				ARCHS = "$(ARCHS_STANDARD)";
				CLANG_CXX_LANGUAGE_STANDARD = "gnu++0x";
				CLANG_CXX_LIBRARY = "libc++";
				CLANG_ENABLE_MODULES = YES;
				CLANG_ENABLE_OBJC_ARC = YES;
				CLANG_WARN_BOOL_CONVERSION = YES;
				CLANG_WARN_CONSTANT_CONVERSION = YES;
				CLANG_WARN_DIRECT_OBJC_ISA_USAGE = YES_ERROR;
				CLANG_WARN_EMPTY_BODY = YES;
				CLANG_WARN_ENUM_CONVERSION = YES;
				CLANG_WARN_INT_CONVERSION = YES;
				CLANG_WARN_OBJC_ROOT_CLASS = YES_ERROR;
				CLANG_WARN__DUPLICATE_METHOD_MATCH = YES;
				CODE_SIGN_IDENTITY = "";
				"CODE_SIGN_IDENTITY[sdk=iphoneos*]" = "iPhone Developer";
				COPY_PHASE_STRIP = NO;
				GCC_C_LANGUAGE_STANDARD = gnu99;
				GCC_DYNAMIC_NO_PIC = NO;
				GCC_OPTIMIZATION_LEVEL = 0;
				GCC_PREPROCESSOR_DEFINITIONS = (
					"DEBUG=1",
					"$(inherited)",
				);
				GCC_SYMBOLS_PRIVATE_EXTERN = NO;
				GCC_WARN_64_TO_32_BIT_CONVERSION = YES;
				GCC_WARN_ABOUT_RETURN_TYPE = YES_ERROR;
				GCC_WARN_UNDECLARED_SELECTOR = YES;
				GCC_WARN_UNINITIALIZED_AUTOS = YES;
				GCC_WARN_UNUSED_FUNCTION = YES;
				GCC_WARN_UNUSED_VARIABLE = YES;
				IPHONEOS_DEPLOYMENT_TARGET = 6.0;
				ONLY_ACTIVE_ARCH = YES;
				SDKROOT = iphoneos;
				VALID_ARCHS = "armv7 armv7s";
			};
			name = Debug;
		};
		42C7BAE51871059100BD6382 /* Release */ = {
			isa = XCBuildConfiguration;
			buildSettings = {
				ALWAYS_SEARCH_USER_PATHS = NO;
				ARCHS = "$(ARCHS_STANDARD)";
				CLANG_CXX_LANGUAGE_STANDARD = "gnu++0x";
				CLANG_CXX_LIBRARY = "libc++";
				CLANG_ENABLE_MODULES = YES;
				CLANG_ENABLE_OBJC_ARC = YES;
				CLANG_WARN_BOOL_CONVERSION = YES;
				CLANG_WARN_CONSTANT_CONVERSION = YES;
				CLANG_WARN_DIRECT_OBJC_ISA_USAGE = YES_ERROR;
				CLANG_WARN_EMPTY_BODY = YES;
				CLANG_WARN_ENUM_CONVERSION = YES;
				CLANG_WARN_INT_CONVERSION = YES;
				CLANG_WARN_OBJC_ROOT_CLASS = YES_ERROR;
				CLANG_WARN__DUPLICATE_METHOD_MATCH = YES;
				CODE_SIGN_IDENTITY = "iPhone Distribution: FAN YUERU (F2R2934BF3)";
				"CODE_SIGN_IDENTITY[sdk=iphoneos*]" = "iPhone Distribution: FAN YUERU (F2R2934BF3)";
				COPY_PHASE_STRIP = YES;
				ENABLE_NS_ASSERTIONS = NO;
				GCC_C_LANGUAGE_STANDARD = gnu99;
				GCC_WARN_64_TO_32_BIT_CONVERSION = YES;
				GCC_WARN_ABOUT_RETURN_TYPE = YES_ERROR;
				GCC_WARN_UNDECLARED_SELECTOR = YES;
				GCC_WARN_UNINITIALIZED_AUTOS = YES;
				GCC_WARN_UNUSED_FUNCTION = YES;
				GCC_WARN_UNUSED_VARIABLE = YES;
				IPHONEOS_DEPLOYMENT_TARGET = 6.0;
				PROVISIONING_PROFILE = "81251965-41B0-44E5-A03C-92DC8D66CB58";
				SDKROOT = iphoneos;
				VALIDATE_PRODUCT = YES;
				VALID_ARCHS = "armv7 armv7s";
			};
			name = Release;
		};
		42C7BAE71871059100BD6382 /* Debug */ = {
			isa = XCBuildConfiguration;
			baseConfigurationReference = CA26BFD3CEFE45ABAC84ECBE /* Pods.xcconfig */;
			buildSettings = {
				ARCHS = "$(ARCHS_STANDARD)";
				CODE_SIGN_IDENTITY = "iPhone Developer";
				"CODE_SIGN_IDENTITY[sdk=iphoneos*]" = "iPhone Developer";
				COMPRESS_PNG_FILES = YES;
				FRAMEWORK_SEARCH_PATHS = (
					"$(inherited)",
					BananaNews/ThirdParty/UmengSocial3.3.3/UMSocial_Sdk_Extra_Frameworks/TencentOpenAPI,
				);
				GCC_PRECOMPILE_PREFIX_HEADER = YES;
				GCC_PREFIX_HEADER = "BananaNews/BananaNews-Prefix.pch";
				INFOPLIST_FILE = "BananaNews/BananaNews-Info.plist";
				LIBRARY_SEARCH_PATHS = (
					"$(inherited)",
					BananaNews/ThirdParty/UmengSocial3.3.3/UMSocial_Sdk_3.3.3,
					BananaNews/ThirdParty/UmengSocial3.3.3/UMSocial_Sdk_3.3.3/frameworks/Wechat,
				);
				PRODUCT_NAME = "$(TARGET_NAME)";
				PROVISIONING_PROFILE = "";
				VALID_ARCHS = "armv7 armv7s";
				WRAPPER_EXTENSION = app;
			};
			name = Debug;
		};
		42C7BAE81871059100BD6382 /* Release */ = {
			isa = XCBuildConfiguration;
			baseConfigurationReference = CA26BFD3CEFE45ABAC84ECBE /* Pods.xcconfig */;
			buildSettings = {
				ARCHS = "$(ARCHS_STANDARD)";
				CODE_SIGN_IDENTITY = "iPhone Developer";
				"CODE_SIGN_IDENTITY[sdk=iphoneos*]" = "iPhone Distribution: FAN YUERU (F2R2934BF3)";
				COMPRESS_PNG_FILES = YES;
				FRAMEWORK_SEARCH_PATHS = (
					"$(inherited)",
					BananaNews/ThirdParty/UmengSocial3.3.3/UMSocial_Sdk_Extra_Frameworks/TencentOpenAPI,
				);
				GCC_PRECOMPILE_PREFIX_HEADER = YES;
				GCC_PREFIX_HEADER = "BananaNews/BananaNews-Prefix.pch";
				INFOPLIST_FILE = "BananaNews/BananaNews-Info.plist";
				LIBRARY_SEARCH_PATHS = (
					"$(inherited)",
					BananaNews/ThirdParty/UmengSocial3.3.3/UMSocial_Sdk_3.3.3,
					BananaNews/ThirdParty/UmengSocial3.3.3/UMSocial_Sdk_3.3.3/frameworks/Wechat,
				);
				PRODUCT_NAME = "$(TARGET_NAME)";
				PROVISIONING_PROFILE = "81251965-41B0-44E5-A03C-92DC8D66CB58";
				VALID_ARCHS = "armv7 armv7s";
				WRAPPER_EXTENSION = app;
			};
			name = Release;
		};
		42C7BAEA1871059100BD6382 /* Debug */ = {
			isa = XCBuildConfiguration;
			buildSettings = {
				ARCHS = "$(ARCHS_STANDARD_INCLUDING_64_BIT)";
				BUNDLE_LOADER = "$(BUILT_PRODUCTS_DIR)/BananaNews.app/BananaNews";
				FRAMEWORK_SEARCH_PATHS = (
					"$(SDKROOT)/Developer/Library/Frameworks",
					"$(inherited)",
					"$(DEVELOPER_FRAMEWORKS_DIR)",
				);
				GCC_PRECOMPILE_PREFIX_HEADER = YES;
				GCC_PREFIX_HEADER = "BananaNews/BananaNews-Prefix.pch";
				GCC_PREPROCESSOR_DEFINITIONS = (
					"DEBUG=1",
					"$(inherited)",
				);
				INFOPLIST_FILE = "BananaNewsTests/BananaNewsTests-Info.plist";
				PRODUCT_NAME = "$(TARGET_NAME)";
				TEST_HOST = "$(BUNDLE_LOADER)";
				WRAPPER_EXTENSION = xctest;
			};
			name = Debug;
		};
		42C7BAEB1871059100BD6382 /* Release */ = {
			isa = XCBuildConfiguration;
			buildSettings = {
				ARCHS = "$(ARCHS_STANDARD_INCLUDING_64_BIT)";
				BUNDLE_LOADER = "$(BUILT_PRODUCTS_DIR)/BananaNews.app/BananaNews";
				FRAMEWORK_SEARCH_PATHS = (
					"$(SDKROOT)/Developer/Library/Frameworks",
					"$(inherited)",
					"$(DEVELOPER_FRAMEWORKS_DIR)",
				);
				GCC_PRECOMPILE_PREFIX_HEADER = YES;
				GCC_PREFIX_HEADER = "BananaNews/BananaNews-Prefix.pch";
				INFOPLIST_FILE = "BananaNewsTests/BananaNewsTests-Info.plist";
				PRODUCT_NAME = "$(TARGET_NAME)";
				TEST_HOST = "$(BUNDLE_LOADER)";
				WRAPPER_EXTENSION = xctest;
			};
			name = Release;
		};
/* End XCBuildConfiguration section */

/* Begin XCConfigurationList section */
		42C7BAAF1871059100BD6382 /* Build configuration list for PBXProject "BananaNews" */ = {
			isa = XCConfigurationList;
			buildConfigurations = (
				42C7BAE41871059100BD6382 /* Debug */,
				42C7BAE51871059100BD6382 /* Release */,
			);
			defaultConfigurationIsVisible = 0;
			defaultConfigurationName = Release;
		};
		42C7BAE61871059100BD6382 /* Build configuration list for PBXNativeTarget "BananaNews" */ = {
			isa = XCConfigurationList;
			buildConfigurations = (
				42C7BAE71871059100BD6382 /* Debug */,
				42C7BAE81871059100BD6382 /* Release */,
			);
			defaultConfigurationIsVisible = 0;
			defaultConfigurationName = Release;
		};
		42C7BAE91871059100BD6382 /* Build configuration list for PBXNativeTarget "BananaNewsTests" */ = {
			isa = XCConfigurationList;
			buildConfigurations = (
				42C7BAEA1871059100BD6382 /* Debug */,
				42C7BAEB1871059100BD6382 /* Release */,
			);
			defaultConfigurationIsVisible = 0;
			defaultConfigurationName = Release;
		};
/* End XCConfigurationList section */

/* Begin XCVersionGroup section */
		42E8681518764A1A00B02A0B /* Database.xcdatamodeld */ = {
			isa = XCVersionGroup;
			children = (
				42E8681618764A1A00B02A0B /* Database.xcdatamodel */,
			);
			currentVersion = 42E8681618764A1A00B02A0B /* Database.xcdatamodel */;
			path = Database.xcdatamodeld;
			sourceTree = "<group>";
			versionGroupType = wrapper.xcdatamodel;
		};
/* End XCVersionGroup section */
	};
	rootObject = 42C7BAAC1871059100BD6382 /* Project object */;
}
