// !$*UTF8*$!
{
	archiveVersion = 1;
	classes = {
	};
	objectVersion = 46;
	objects = {

/* Begin PBXBuildFile section */
		42C7BAB81871059100BD6382 /* Foundation.framework in Frameworks */ = {isa = PBXBuildFile; fileRef = 42C7BAB71871059100BD6382 /* Foundation.framework */; };
		42C7BABA1871059100BD6382 /* CoreGraphics.framework in Frameworks */ = {isa = PBXBuildFile; fileRef = 42C7BAB91871059100BD6382 /* CoreGraphics.framework */; };
		42C7BABC1871059100BD6382 /* UIKit.framework in Frameworks */ = {isa = PBXBuildFile; fileRef = 42C7BABB1871059100BD6382 /* UIKit.framework */; };
		42C7BAC21871059100BD6382 /* InfoPlist.strings in Resources */ = {isa = PBXBuildFile; fileRef = 42C7BAC01871059100BD6382 /* InfoPlist.strings */; };
		42C7BAC41871059100BD6382 /* main.m in Sources */ = {isa = PBXBuildFile; fileRef = 42C7BAC31871059100BD6382 /* main.m */; };
		42C7BAC81871059100BD6382 /* AppDelegate.m in Sources */ = {isa = PBXBuildFile; fileRef = 42C7BAC71871059100BD6382 /* AppDelegate.m */; };
		42C7BACB1871059100BD6382 /* Main.storyboard in Resources */ = {isa = PBXBuildFile; fileRef = 42C7BAC91871059100BD6382 /* Main.storyboard */; };
		42C7BAD01871059100BD6382 /* Images.xcassets in Resources */ = {isa = PBXBuildFile; fileRef = 42C7BACF1871059100BD6382 /* Images.xcassets */; };
		42C7BAD71871059100BD6382 /* XCTest.framework in Frameworks */ = {isa = PBXBuildFile; fileRef = 42C7BAD61871059100BD6382 /* XCTest.framework */; };
		42C7BAD81871059100BD6382 /* Foundation.framework in Frameworks */ = {isa = PBXBuildFile; fileRef = 42C7BAB71871059100BD6382 /* Foundation.framework */; };
		42C7BAD91871059100BD6382 /* UIKit.framework in Frameworks */ = {isa = PBXBuildFile; fileRef = 42C7BABB1871059100BD6382 /* UIKit.framework */; };
		42C7BAE11871059100BD6382 /* InfoPlist.strings in Resources */ = {isa = PBXBuildFile; fileRef = 42C7BADF1871059100BD6382 /* InfoPlist.strings */; };
		42C7BAE31871059100BD6382 /* BananaNewsTests.m in Sources */ = {isa = PBXBuildFile; fileRef = 42C7BAE21871059100BD6382 /* BananaNewsTests.m */; };
		42C7BAEF18710C2000BD6382 /* BMSidePanelController.m in Sources */ = {isa = PBXBuildFile; fileRef = 42C7BAEE18710C2000BD6382 /* BMSidePanelController.m */; };
		42C7BAFB18710E6700BD6382 /* BMLeftViewController.m in Sources */ = {isa = PBXBuildFile; fileRef = 42C7BAFA18710E6700BD6382 /* BMLeftViewController.m */; };
		42C7BAFE18710E7300BD6382 /* BMHomeViewController.m in Sources */ = {isa = PBXBuildFile; fileRef = 42C7BAFD18710E7300BD6382 /* BMHomeViewController.m */; };
		42C7BB0118710E7F00BD6382 /* BMRightViewController.m in Sources */ = {isa = PBXBuildFile; fileRef = 42C7BB0018710E7F00BD6382 /* BMRightViewController.m */; };
		CE8BC6AFDCC940D28D1B30C8 /* libPods.a in Frameworks */ = {isa = PBXBuildFile; fileRef = 620E8C38B3E24A3191C52FA1 /* libPods.a */; };
/* End PBXBuildFile section */

/* Begin PBXContainerItemProxy section */
		42C7BADA1871059100BD6382 /* PBXContainerItemProxy */ = {
			isa = PBXContainerItemProxy;
			containerPortal = 42C7BAAC1871059100BD6382 /* Project object */;
			proxyType = 1;
			remoteGlobalIDString = 42C7BAB31871059100BD6382;
			remoteInfo = BananaNews;
		};
/* End PBXContainerItemProxy section */

/* Begin PBXFileReference section */
		42C7BAB41871059100BD6382 /* BananaNews.app */ = {isa = PBXFileReference; explicitFileType = wrapper.application; includeInIndex = 0; path = BananaNews.app; sourceTree = BUILT_PRODUCTS_DIR; };
		42C7BAB71871059100BD6382 /* Foundation.framework */ = {isa = PBXFileReference; lastKnownFileType = wrapper.framework; name = Foundation.framework; path = System/Library/Frameworks/Foundation.framework; sourceTree = SDKROOT; };
		42C7BAB91871059100BD6382 /* CoreGraphics.framework */ = {isa = PBXFileReference; lastKnownFileType = wrapper.framework; name = CoreGraphics.framework; path = System/Library/Frameworks/CoreGraphics.framework; sourceTree = SDKROOT; };
		42C7BABB1871059100BD6382 /* UIKit.framework */ = {isa = PBXFileReference; lastKnownFileType = wrapper.framework; name = UIKit.framework; path = System/Library/Frameworks/UIKit.framework; sourceTree = SDKROOT; };
		42C7BABF1871059100BD6382 /* BananaNews-Info.plist */ = {isa = PBXFileReference; lastKnownFileType = text.plist.xml; path = "BananaNews-Info.plist"; sourceTree = "<group>"; };
		42C7BAC11871059100BD6382 /* en */ = {isa = PBXFileReference; lastKnownFileType = text.plist.strings; name = en; path = en.lproj/InfoPlist.strings; sourceTree = "<group>"; };
		42C7BAC31871059100BD6382 /* main.m */ = {isa = PBXFileReference; lastKnownFileType = sourcecode.c.objc; path = main.m; sourceTree = "<group>"; };
		42C7BAC51871059100BD6382 /* BananaNews-Prefix.pch */ = {isa = PBXFileReference; lastKnownFileType = sourcecode.c.h; path = "BananaNews-Prefix.pch"; sourceTree = "<group>"; };
		42C7BAC61871059100BD6382 /* AppDelegate.h */ = {isa = PBXFileReference; lastKnownFileType = sourcecode.c.h; path = AppDelegate.h; sourceTree = "<group>"; };
		42C7BAC71871059100BD6382 /* AppDelegate.m */ = {isa = PBXFileReference; lastKnownFileType = sourcecode.c.objc; path = AppDelegate.m; sourceTree = "<group>"; };
		42C7BACA1871059100BD6382 /* Base */ = {isa = PBXFileReference; lastKnownFileType = file.storyboard; name = Base; path = Base.lproj/Main.storyboard; sourceTree = "<group>"; };
		42C7BACF1871059100BD6382 /* Images.xcassets */ = {isa = PBXFileReference; lastKnownFileType = folder.assetcatalog; path = Images.xcassets; sourceTree = "<group>"; };
		42C7BAD51871059100BD6382 /* BananaNewsTests.xctest */ = {isa = PBXFileReference; explicitFileType = wrapper.cfbundle; includeInIndex = 0; path = BananaNewsTests.xctest; sourceTree = BUILT_PRODUCTS_DIR; };
		42C7BAD61871059100BD6382 /* XCTest.framework */ = {isa = PBXFileReference; lastKnownFileType = wrapper.framework; name = XCTest.framework; path = Library/Frameworks/XCTest.framework; sourceTree = DEVELOPER_DIR; };
		42C7BADE1871059100BD6382 /* BananaNewsTests-Info.plist */ = {isa = PBXFileReference; lastKnownFileType = text.plist.xml; path = "BananaNewsTests-Info.plist"; sourceTree = "<group>"; };
		42C7BAE01871059100BD6382 /* en */ = {isa = PBXFileReference; lastKnownFileType = text.plist.strings; name = en; path = en.lproj/InfoPlist.strings; sourceTree = "<group>"; };
		42C7BAE21871059100BD6382 /* BananaNewsTests.m */ = {isa = PBXFileReference; lastKnownFileType = sourcecode.c.objc; path = BananaNewsTests.m; sourceTree = "<group>"; };
		42C7BAED18710C2000BD6382 /* BMSidePanelController.h */ = {isa = PBXFileReference; fileEncoding = 4; lastKnownFileType = sourcecode.c.h; path = BMSidePanelController.h; sourceTree = "<group>"; };
		42C7BAEE18710C2000BD6382 /* BMSidePanelController.m */ = {isa = PBXFileReference; fileEncoding = 4; lastKnownFileType = sourcecode.c.objc; path = BMSidePanelController.m; sourceTree = "<group>"; };
		42C7BAF918710E6700BD6382 /* BMLeftViewController.h */ = {isa = PBXFileReference; fileEncoding = 4; lastKnownFileType = sourcecode.c.h; path = BMLeftViewController.h; sourceTree = "<group>"; };
		42C7BAFA18710E6700BD6382 /* BMLeftViewController.m */ = {isa = PBXFileReference; fileEncoding = 4; lastKnownFileType = sourcecode.c.objc; path = BMLeftViewController.m; sourceTree = "<group>"; };
		42C7BAFC18710E7300BD6382 /* BMHomeViewController.h */ = {isa = PBXFileReference; fileEncoding = 4; lastKnownFileType = sourcecode.c.h; path = BMHomeViewController.h; sourceTree = "<group>"; };
		42C7BAFD18710E7300BD6382 /* BMHomeViewController.m */ = {isa = PBXFileReference; fileEncoding = 4; lastKnownFileType = sourcecode.c.objc; path = BMHomeViewController.m; sourceTree = "<group>"; };
		42C7BAFF18710E7F00BD6382 /* BMRightViewController.h */ = {isa = PBXFileReference; fileEncoding = 4; lastKnownFileType = sourcecode.c.h; path = BMRightViewController.h; sourceTree = "<group>"; };
		42C7BB0018710E7F00BD6382 /* BMRightViewController.m */ = {isa = PBXFileReference; fileEncoding = 4; lastKnownFileType = sourcecode.c.objc; path = BMRightViewController.m; sourceTree = "<group>"; };
		620E8C38B3E24A3191C52FA1 /* libPods.a */ = {isa = PBXFileReference; explicitFileType = archive.ar; includeInIndex = 0; path = libPods.a; sourceTree = BUILT_PRODUCTS_DIR; };
		CA26BFD3CEFE45ABAC84ECBE /* Pods.xcconfig */ = {isa = PBXFileReference; includeInIndex = 1; lastKnownFileType = text.xcconfig; name = Pods.xcconfig; path = Pods/Pods.xcconfig; sourceTree = "<group>"; };
/* End PBXFileReference section */

/* Begin PBXFrameworksBuildPhase section */
		42C7BAB11871059100BD6382 /* Frameworks */ = {
			isa = PBXFrameworksBuildPhase;
			buildActionMask = 2147483647;
			files = (
				42C7BABA1871059100BD6382 /* CoreGraphics.framework in Frameworks */,
				42C7BABC1871059100BD6382 /* UIKit.framework in Frameworks */,
				42C7BAB81871059100BD6382 /* Foundation.framework in Frameworks */,
				CE8BC6AFDCC940D28D1B30C8 /* libPods.a in Frameworks */,
			);
			runOnlyForDeploymentPostprocessing = 0;
		};
		42C7BAD21871059100BD6382 /* Frameworks */ = {
			isa = PBXFrameworksBuildPhase;
			buildActionMask = 2147483647;
			files = (
				42C7BAD71871059100BD6382 /* XCTest.framework in Frameworks */,
				42C7BAD91871059100BD6382 /* UIKit.framework in Frameworks */,
				42C7BAD81871059100BD6382 /* Foundation.framework in Frameworks */,
			);
			runOnlyForDeploymentPostprocessing = 0;
		};
/* End PBXFrameworksBuildPhase section */

/* Begin PBXGroup section */
		42C7BAAB1871059100BD6382 = {
			isa = PBXGroup;
			children = (
				42C7BABD1871059100BD6382 /* BananaNews */,
				42C7BADC1871059100BD6382 /* BananaNewsTests */,
				42C7BAB61871059100BD6382 /* Frameworks */,
				42C7BAB51871059100BD6382 /* Products */,
				CA26BFD3CEFE45ABAC84ECBE /* Pods.xcconfig */,
			);
			sourceTree = "<group>";
		};
		42C7BAB51871059100BD6382 /* Products */ = {
			isa = PBXGroup;
			children = (
				42C7BAB41871059100BD6382 /* BananaNews.app */,
				42C7BAD51871059100BD6382 /* BananaNewsTests.xctest */,
			);
			name = Products;
			sourceTree = "<group>";
		};
		42C7BAB61871059100BD6382 /* Frameworks */ = {
			isa = PBXGroup;
			children = (
				42C7BAB71871059100BD6382 /* Foundation.framework */,
				42C7BAB91871059100BD6382 /* CoreGraphics.framework */,
				42C7BABB1871059100BD6382 /* UIKit.framework */,
				42C7BAD61871059100BD6382 /* XCTest.framework */,
				620E8C38B3E24A3191C52FA1 /* libPods.a */,
			);
			name = Frameworks;
			sourceTree = "<group>";
		};
		42C7BABD1871059100BD6382 /* BananaNews */ = {
			isa = PBXGroup;
			children = (
				42C7BAEC18710C0A00BD6382 /* ViewController */,
				42C7BAC61871059100BD6382 /* AppDelegate.h */,
				42C7BAC71871059100BD6382 /* AppDelegate.m */,
				42C7BAC91871059100BD6382 /* Main.storyboard */,
				42C7BACF1871059100BD6382 /* Images.xcassets */,
				42C7BABE1871059100BD6382 /* Supporting Files */,
			);
			path = BananaNews;
			sourceTree = "<group>";
		};
		42C7BABE1871059100BD6382 /* Supporting Files */ = {
			isa = PBXGroup;
			children = (
				42C7BABF1871059100BD6382 /* BananaNews-Info.plist */,
				42C7BAC01871059100BD6382 /* InfoPlist.strings */,
				42C7BAC31871059100BD6382 /* main.m */,
				42C7BAC51871059100BD6382 /* BananaNews-Prefix.pch */,
			);
			name = "Supporting Files";
			sourceTree = "<group>";
		};
		42C7BADC1871059100BD6382 /* BananaNewsTests */ = {
			isa = PBXGroup;
			children = (
				42C7BAE21871059100BD6382 /* BananaNewsTests.m */,
				42C7BADD1871059100BD6382 /* Supporting Files */,
			);
			path = BananaNewsTests;
			sourceTree = "<group>";
		};
		42C7BADD1871059100BD6382 /* Supporting Files */ = {
			isa = PBXGroup;
			children = (
				42C7BADE1871059100BD6382 /* BananaNewsTests-Info.plist */,
				42C7BADF1871059100BD6382 /* InfoPlist.strings */,
			);
			name = "Supporting Files";
			sourceTree = "<group>";
		};
		42C7BAEC18710C0A00BD6382 /* ViewController */ = {
			isa = PBXGroup;
			children = (
				42C7BAED18710C2000BD6382 /* BMSidePanelController.h */,
				42C7BAEE18710C2000BD6382 /* BMSidePanelController.m */,
				42C7BAF918710E6700BD6382 /* BMLeftViewController.h */,
				42C7BAFA18710E6700BD6382 /* BMLeftViewController.m */,
				42C7BAFC18710E7300BD6382 /* BMHomeViewController.h */,
				42C7BAFD18710E7300BD6382 /* BMHomeViewController.m */,
				42C7BAFF18710E7F00BD6382 /* BMRightViewController.h */,
				42C7BB0018710E7F00BD6382 /* BMRightViewController.m */,
			);
			path = ViewController;
			sourceTree = "<group>";
		};
/* End PBXGroup section */

/* Begin PBXNativeTarget section */
		42C7BAB31871059100BD6382 /* BananaNews */ = {
			isa = PBXNativeTarget;
			buildConfigurationList = 42C7BAE61871059100BD6382 /* Build configuration list for PBXNativeTarget "BananaNews" */;
			buildPhases = (
				8A87E61AE3174CC5BA18B4B5 /* Check Pods Manifest.lock */,
				42C7BAB01871059100BD6382 /* Sources */,
				42C7BAB11871059100BD6382 /* Frameworks */,
				42C7BAB21871059100BD6382 /* Resources */,
				B97F5782677B4E0D898395A1 /* Copy Pods Resources */,
			);
			buildRules = (
			);
			dependencies = (
			);
			name = BananaNews;
			productName = BananaNews;
			productReference = 42C7BAB41871059100BD6382 /* BananaNews.app */;
			productType = "com.apple.product-type.application";
		};
		42C7BAD41871059100BD6382 /* BananaNewsTests */ = {
			isa = PBXNativeTarget;
			buildConfigurationList = 42C7BAE91871059100BD6382 /* Build configuration list for PBXNativeTarget "BananaNewsTests" */;
			buildPhases = (
				42C7BAD11871059100BD6382 /* Sources */,
				42C7BAD21871059100BD6382 /* Frameworks */,
				42C7BAD31871059100BD6382 /* Resources */,
			);
			buildRules = (
			);
			dependencies = (
				42C7BADB1871059100BD6382 /* PBXTargetDependency */,
			);
			name = BananaNewsTests;
			productName = BananaNewsTests;
			productReference = 42C7BAD51871059100BD6382 /* BananaNewsTests.xctest */;
			productType = "com.apple.product-type.bundle.unit-test";
		};
/* End PBXNativeTarget section */

/* Begin PBXProject section */
		42C7BAAC1871059100BD6382 /* Project object */ = {
			isa = PBXProject;
			attributes = {
				LastUpgradeCheck = 0500;
				ORGANIZATIONNAME = "龚涛";
				TargetAttributes = {
					42C7BAD41871059100BD6382 = {
						TestTargetID = 42C7BAB31871059100BD6382;
					};
				};
			};
			buildConfigurationList = 42C7BAAF1871059100BD6382 /* Build configuration list for PBXProject "BananaNews" */;
			compatibilityVersion = "Xcode 3.2";
			developmentRegion = English;
			hasScannedForEncodings = 0;
			knownRegions = (
				en,
				Base,
			);
			mainGroup = 42C7BAAB1871059100BD6382;
			productRefGroup = 42C7BAB51871059100BD6382 /* Products */;
			projectDirPath = "";
			projectRoot = "";
			targets = (
				42C7BAB31871059100BD6382 /* BananaNews */,
				42C7BAD41871059100BD6382 /* BananaNewsTests */,
			);
		};
/* End PBXProject section */

/* Begin PBXResourcesBuildPhase section */
		42C7BAB21871059100BD6382 /* Resources */ = {
			isa = PBXResourcesBuildPhase;
			buildActionMask = 2147483647;
			files = (
				42C7BAD01871059100BD6382 /* Images.xcassets in Resources */,
				42C7BAC21871059100BD6382 /* InfoPlist.strings in Resources */,
				42C7BACB1871059100BD6382 /* Main.storyboard in Resources */,
			);
			runOnlyForDeploymentPostprocessing = 0;
		};
		42C7BAD31871059100BD6382 /* Resources */ = {
			isa = PBXResourcesBuildPhase;
			buildActionMask = 2147483647;
			files = (
				42C7BAE11871059100BD6382 /* InfoPlist.strings in Resources */,
			);
			runOnlyForDeploymentPostprocessing = 0;
		};
/* End PBXResourcesBuildPhase section */

/* Begin PBXShellScriptBuildPhase section */
		8A87E61AE3174CC5BA18B4B5 /* Check Pods Manifest.lock */ = {
			isa = PBXShellScriptBuildPhase;
			buildActionMask = 2147483647;
			files = (
			);
			inputPaths = (
			);
			name = "Check Pods Manifest.lock";
			outputPaths = (
			);
			runOnlyForDeploymentPostprocessing = 0;
			shellPath = /bin/sh;
			shellScript = "diff \"${PODS_ROOT}/../Podfile.lock\" \"${PODS_ROOT}/Manifest.lock\" > /dev/null\nif [[ $? != 0 ]] ; then\n    cat << EOM\nerror: The sandbox is not in sync with the Podfile.lock. Run 'pod install' or update your CocoaPods installation.\nEOM\n    exit 1\nfi\n";
			showEnvVarsInLog = 0;
		};
		B97F5782677B4E0D898395A1 /* Copy Pods Resources */ = {
			isa = PBXShellScriptBuildPhase;
			buildActionMask = 2147483647;
			files = (
			);
			inputPaths = (
			);
			name = "Copy Pods Resources";
			outputPaths = (
			);
			runOnlyForDeploymentPostprocessing = 0;
			shellPath = /bin/sh;
			shellScript = "\"${SRCROOT}/Pods/Pods-resources.sh\"\n";
			showEnvVarsInLog = 0;
		};
/* End PBXShellScriptBuildPhase section */

/* Begin PBXSourcesBuildPhase section */
		42C7BAB01871059100BD6382 /* Sources */ = {
			isa = PBXSourcesBuildPhase;
			buildActionMask = 2147483647;
			files = (
				42C7BB0118710E7F00BD6382 /* BMRightViewController.m in Sources */,
				42C7BAEF18710C2000BD6382 /* BMSidePanelController.m in Sources */,
				42C7BAC81871059100BD6382 /* AppDelegate.m in Sources */,
				42C7BAFE18710E7300BD6382 /* BMHomeViewController.m in Sources */,
				42C7BAFB18710E6700BD6382 /* BMLeftViewController.m in Sources */,
				42C7BAC41871059100BD6382 /* main.m in Sources */,
			);
			runOnlyForDeploymentPostprocessing = 0;
		};
		42C7BAD11871059100BD6382 /* Sources */ = {
			isa = PBXSourcesBuildPhase;
			buildActionMask = 2147483647;
			files = (
				42C7BAE31871059100BD6382 /* BananaNewsTests.m in Sources */,
			);
			runOnlyForDeploymentPostprocessing = 0;
		};
/* End PBXSourcesBuildPhase section */

/* Begin PBXTargetDependency section */
		42C7BADB1871059100BD6382 /* PBXTargetDependency */ = {
			isa = PBXTargetDependency;
			target = 42C7BAB31871059100BD6382 /* BananaNews */;
			targetProxy = 42C7BADA1871059100BD6382 /* PBXContainerItemProxy */;
		};
/* End PBXTargetDependency section */

/* Begin PBXVariantGroup section */
		42C7BAC01871059100BD6382 /* InfoPlist.strings */ = {
			isa = PBXVariantGroup;
			children = (
				42C7BAC11871059100BD6382 /* en */,
			);
			name = InfoPlist.strings;
			sourceTree = "<group>";
		};
		42C7BAC91871059100BD6382 /* Main.storyboard */ = {
			isa = PBXVariantGroup;
			children = (
				42C7BACA1871059100BD6382 /* Base */,
			);
			name = Main.storyboard;
			sourceTree = "<group>";
		};
		42C7BADF1871059100BD6382 /* InfoPlist.strings */ = {
			isa = PBXVariantGroup;
			children = (
				42C7BAE01871059100BD6382 /* en */,
			);
			name = InfoPlist.strings;
			sourceTree = "<group>";
		};
/* End PBXVariantGroup section */

/* Begin XCBuildConfiguration section */
		42C7BAE41871059100BD6382 /* Debug */ = {
			isa = XCBuildConfiguration;
			buildSettings = {
				ALWAYS_SEARCH_USER_PATHS = NO;
				ARCHS = "$(ARCHS_STANDARD_INCLUDING_64_BIT)";
				CLANG_CXX_LANGUAGE_STANDARD = "gnu++0x";
				CLANG_CXX_LIBRARY = "libc++";
				CLANG_ENABLE_MODULES = YES;
				CLANG_ENABLE_OBJC_ARC = YES;
				CLANG_WARN_BOOL_CONVERSION = YES;
				CLANG_WARN_CONSTANT_CONVERSION = YES;
				CLANG_WARN_DIRECT_OBJC_ISA_USAGE = YES_ERROR;
				CLANG_WARN_EMPTY_BODY = YES;
				CLANG_WARN_ENUM_CONVERSION = YES;
				CLANG_WARN_INT_CONVERSION = YES;
				CLANG_WARN_OBJC_ROOT_CLASS = YES_ERROR;
				CLANG_WARN__DUPLICATE_METHOD_MATCH = YES;
				"CODE_SIGN_IDENTITY[sdk=iphoneos*]" = "iPhone Developer";
				COPY_PHASE_STRIP = NO;
				GCC_C_LANGUAGE_STANDARD = gnu99;
				GCC_DYNAMIC_NO_PIC = NO;
				GCC_OPTIMIZATION_LEVEL = 0;
				GCC_PREPROCESSOR_DEFINITIONS = (
					"DEBUG=1",
					"$(inherited)",
				);
				GCC_SYMBOLS_PRIVATE_EXTERN = NO;
				GCC_WARN_64_TO_32_BIT_CONVERSION = YES;
				GCC_WARN_ABOUT_RETURN_TYPE = YES_ERROR;
				GCC_WARN_UNDECLARED_SELECTOR = YES;
				GCC_WARN_UNINITIALIZED_AUTOS = YES;
				GCC_WARN_UNUSED_FUNCTION = YES;
				GCC_WARN_UNUSED_VARIABLE = YES;
				IPHONEOS_DEPLOYMENT_TARGET = 7.0;
				ONLY_ACTIVE_ARCH = YES;
				SDKROOT = iphoneos;
			};
			name = Debug;
		};
		42C7BAE51871059100BD6382 /* Release */ = {
			isa = XCBuildConfiguration;
			buildSettings = {
				ALWAYS_SEARCH_USER_PATHS = NO;
				ARCHS = "$(ARCHS_STANDARD_INCLUDING_64_BIT)";
				CLANG_CXX_LANGUAGE_STANDARD = "gnu++0x";
				CLANG_CXX_LIBRARY = "libc++";
				CLANG_ENABLE_MODULES = YES;
				CLANG_ENABLE_OBJC_ARC = YES;
				CLANG_WARN_BOOL_CONVERSION = YES;
				CLANG_WARN_CONSTANT_CONVERSION = YES;
				CLANG_WARN_DIRECT_OBJC_ISA_USAGE = YES_ERROR;
				CLANG_WARN_EMPTY_BODY = YES;
				CLANG_WARN_ENUM_CONVERSION = YES;
				CLANG_WARN_INT_CONVERSION = YES;
				CLANG_WARN_OBJC_ROOT_CLASS = YES_ERROR;
				CLANG_WARN__DUPLICATE_METHOD_MATCH = YES;
				"CODE_SIGN_IDENTITY[sdk=iphoneos*]" = "iPhone Developer";
				COPY_PHASE_STRIP = YES;
				ENABLE_NS_ASSERTIONS = NO;
				GCC_C_LANGUAGE_STANDARD = gnu99;
				GCC_WARN_64_TO_32_BIT_CONVERSION = YES;
				GCC_WARN_ABOUT_RETURN_TYPE = YES_ERROR;
				GCC_WARN_UNDECLARED_SELECTOR = YES;
				GCC_WARN_UNINITIALIZED_AUTOS = YES;
				GCC_WARN_UNUSED_FUNCTION = YES;
				GCC_WARN_UNUSED_VARIABLE = YES;
				IPHONEOS_DEPLOYMENT_TARGET = 7.0;
				SDKROOT = iphoneos;
				VALIDATE_PRODUCT = YES;
			};
			name = Release;
		};
		42C7BAE71871059100BD6382 /* Debug */ = {
			isa = XCBuildConfiguration;
			baseConfigurationReference = CA26BFD3CEFE45ABAC84ECBE /* Pods.xcconfig */;
			buildSettings = {
				ASSETCATALOG_COMPILER_APPICON_NAME = AppIcon;
				ASSETCATALOG_COMPILER_LAUNCHIMAGE_NAME = LaunchImage;
				GCC_PRECOMPILE_PREFIX_HEADER = YES;
				GCC_PREFIX_HEADER = "BananaNews/BananaNews-Prefix.pch";
				INFOPLIST_FILE = "BananaNews/BananaNews-Info.plist";
				PRODUCT_NAME = "$(TARGET_NAME)";
				WRAPPER_EXTENSION = app;
			};
			name = Debug;
		};
		42C7BAE81871059100BD6382 /* Release */ = {
			isa = XCBuildConfiguration;
			baseConfigurationReference = CA26BFD3CEFE45ABAC84ECBE /* Pods.xcconfig */;
			buildSettings = {
				ASSETCATALOG_COMPILER_APPICON_NAME = AppIcon;
				ASSETCATALOG_COMPILER_LAUNCHIMAGE_NAME = LaunchImage;
				GCC_PRECOMPILE_PREFIX_HEADER = YES;
				GCC_PREFIX_HEADER = "BananaNews/BananaNews-Prefix.pch";
				INFOPLIST_FILE = "BananaNews/BananaNews-Info.plist";
				PRODUCT_NAME = "$(TARGET_NAME)";
				WRAPPER_EXTENSION = app;
			};
			name = Release;
		};
		42C7BAEA1871059100BD6382 /* Debug */ = {
			isa = XCBuildConfiguration;
			buildSettings = {
				ARCHS = "$(ARCHS_STANDARD_INCLUDING_64_BIT)";
				BUNDLE_LOADER = "$(BUILT_PRODUCTS_DIR)/BananaNews.app/BananaNews";
				FRAMEWORK_SEARCH_PATHS = (
					"$(SDKROOT)/Developer/Library/Frameworks",
					"$(inherited)",
					"$(DEVELOPER_FRAMEWORKS_DIR)",
				);
				GCC_PRECOMPILE_PREFIX_HEADER = YES;
				GCC_PREFIX_HEADER = "BananaNews/BananaNews-Prefix.pch";
				GCC_PREPROCESSOR_DEFINITIONS = (
					"DEBUG=1",
					"$(inherited)",
				);
				INFOPLIST_FILE = "BananaNewsTests/BananaNewsTests-Info.plist";
				PRODUCT_NAME = "$(TARGET_NAME)";
				TEST_HOST = "$(BUNDLE_LOADER)";
				WRAPPER_EXTENSION = xctest;
			};
			name = Debug;
		};
		42C7BAEB1871059100BD6382 /* Release */ = {
			isa = XCBuildConfiguration;
			buildSettings = {
				ARCHS = "$(ARCHS_STANDARD_INCLUDING_64_BIT)";
				BUNDLE_LOADER = "$(BUILT_PRODUCTS_DIR)/BananaNews.app/BananaNews";
				FRAMEWORK_SEARCH_PATHS = (
					"$(SDKROOT)/Developer/Library/Frameworks",
					"$(inherited)",
					"$(DEVELOPER_FRAMEWORKS_DIR)",
				);
				GCC_PRECOMPILE_PREFIX_HEADER = YES;
				GCC_PREFIX_HEADER = "BananaNews/BananaNews-Prefix.pch";
				INFOPLIST_FILE = "BananaNewsTests/BananaNewsTests-Info.plist";
				PRODUCT_NAME = "$(TARGET_NAME)";
				TEST_HOST = "$(BUNDLE_LOADER)";
				WRAPPER_EXTENSION = xctest;
			};
			name = Release;
		};
/* End XCBuildConfiguration section */

/* Begin XCConfigurationList section */
		42C7BAAF1871059100BD6382 /* Build configuration list for PBXProject "BananaNews" */ = {
			isa = XCConfigurationList;
			buildConfigurations = (
				42C7BAE41871059100BD6382 /* Debug */,
				42C7BAE51871059100BD6382 /* Release */,
			);
			defaultConfigurationIsVisible = 0;
			defaultConfigurationName = Release;
		};
		42C7BAE61871059100BD6382 /* Build configuration list for PBXNativeTarget "BananaNews" */ = {
			isa = XCConfigurationList;
			buildConfigurations = (
				42C7BAE71871059100BD6382 /* Debug */,
				42C7BAE81871059100BD6382 /* Release */,
			);
			defaultConfigurationIsVisible = 0;
			defaultConfigurationName = Release;
		};
		42C7BAE91871059100BD6382 /* Build configuration list for PBXNativeTarget "BananaNewsTests" */ = {
			isa = XCConfigurationList;
			buildConfigurations = (
				42C7BAEA1871059100BD6382 /* Debug */,
				42C7BAEB1871059100BD6382 /* Release */,
			);
			defaultConfigurationIsVisible = 0;
			defaultConfigurationName = Release;
		};
/* End XCConfigurationList section */
	};
	rootObject = 42C7BAAC1871059100BD6382 /* Project object */;
}
